{
  "nodes": {
    "nixpkgs": {
      "locked": {
        "lastModified": 1782745641,
        "narHash": "sha256-d1Uqn692SLRy743Gy1UTopaBBCAsgNbL9lmb03BxMTw=",
        "owner": "NixOS",
        "repo": "nixpkgs",
        "rev": "8cb14136bb517eba32a565a682861eef55c45a06",
        "type": "github"
      },
      "original": {
        "owner": "NixOS",
        "ref": "release-26.05",
        "repo": "nixpkgs",
        "type": "github"
      }
    },
    "root": {
      "inputs": {
        "nixpkgs": "nixpkgs"
      }
    }
  },
  "root": "root",
  "version": 7
}
