
Microsoft Visual Studio Solution File, Format Version 12.00
# Visual Studio 15
VisualStudioVersion = 15.0.26430.16
MinimumVisualStudioVersion = 10.0.40219.1
Project("{FAE04EC0-301F-11D3-BF4B-00C04F79EFBC}") = "Content.Shared", "Content.Shared\Content.Shared.csproj", "{26AEEBB3-DDE7-443A-9F43-7BC7F4ACF6B5}"
	ProjectSection(ProjectDependencies) = postProject
		{0529F740-0000-0000-0000-000000000000} = {0529F740-0000-0000-0000-000000000000}
	EndProjectSection
EndProject
Project("{FAE04EC0-301F-11D3-BF4B-00C04F79EFBC}") = "SS14.Shared", "engine\SS14.Shared\SS14.Shared.csproj", "{0529F740-0000-0000-0000-000000000000}"
EndProject
Project("{FAE04EC0-301F-11D3-BF4B-00C04F79EFBC}") = "SS14.Server", "engine\SS14.Server\SS14.Server.csproj", "{B04AAE71-0000-0000-0000-000000000000}"
EndProject
Project("{FAE04EC0-301F-11D3-BF4B-00C04F79EFBC}") = "SS14.Client.Graphics", "engine\SS14.Client.Graphics\SS14.Client.Graphics.csproj", "{302B877E-0000-0000-0000-000000000000}"
EndProject
Project("{FAE04EC0-301F-11D3-BF4B-00C04F79EFBC}") = "SS14.Client", "engine\SS14.Client\SS14.Client.csproj", "{0C31DFDF-0000-0000-0000-000000000000}"
EndProject
Project("{FAE04EC0-301F-11D3-BF4B-00C04F79EFBC}") = "SS14.UnitTesting", "engine\SS14.UnitTesting\SS14.UnitTesting.csproj", "{F0ADA779-40B8-4F7E-BA6C-CDB19F3065D9}"
EndProject
Project("{FAE04EC0-301F-11D3-BF4B-00C04F79EFBC}") = "Content.Server", "Content.Server\Content.Server.csproj", "{B38DBBD0-04C2-4D1A-84E2-B3446F6ADF2A}"
	ProjectSection(ProjectDependencies) = postProject
		{0529F740-0000-0000-0000-000000000000} = {0529F740-0000-0000-0000-000000000000}
		{B04AAE71-0000-0000-0000-000000000000} = {B04AAE71-0000-0000-0000-000000000000}
		{26AEEBB3-DDE7-443A-9F43-7BC7F4ACF6B5} = {26AEEBB3-DDE7-443A-9F43-7BC7F4ACF6B5}
	EndProjectSection
EndProject
Project("{FAE04EC0-301F-11D3-BF4B-00C04F79EFBC}") = "Content.Client", "Content.Client\Content.Client.csproj", "{A2E5F175-78AF-4DDD-8F97-E2D2552372ED}"
	ProjectSection(ProjectDependencies) = postProject
		{0529F740-0000-0000-0000-000000000000} = {0529F740-0000-0000-0000-000000000000}
		{302B877E-0000-0000-0000-000000000000} = {302B877E-0000-0000-0000-000000000000}
		{26AEEBB3-DDE7-443A-9F43-7BC7F4ACF6B5} = {26AEEBB3-DDE7-443A-9F43-7BC7F4ACF6B5}
		{0C31DFDF-0000-0000-0000-000000000000} = {0C31DFDF-0000-0000-0000-000000000000}
	EndProjectSection
EndProject
Project("{FAE04EC0-301F-11D3-BF4B-00C04F79EFBC}") = "Lidgren.Network", "engine\Lidgren.Network\Lidgren.Network.csproj", "{59250BAF-0000-0000-0000-000000000000}"
EndProject
Project("{2150E333-8FDC-42A3-9474-1A3956D46DE8}") = "Build Checker", "Build Checker", "{3202E94D-E985-4181-9F69-F458A7F6574F}"
EndProject
Project("{2150E333-8FDC-42A3-9474-1A3956D46DE8}") = "Engine", "Engine", "{B01693E5-CF08-4DB7-8920-407F8D6603A1}"
EndProject
Project("{FAE04EC0-301F-11D3-BF4B-00C04F79EFBC}") = "BuildChecker", "BuildChecker\BuildChecker.csproj", "{C899FCA4-7037-4E49-ABC2-44DE72487110}"
EndProject
Project("{FAE04EC0-301F-11D3-BF4B-00C04F79EFBC}") = "sfml-system", "engine\SFML\src\System\sfml-system.csproj", "{31D24303-F6A9-4D53-BB03-A73EDCB3186D}"
EndProject
Project("{FAE04EC0-301F-11D3-BF4B-00C04F79EFBC}") = "sfml-graphics", "engine\SFML\src\Graphics\sfml-graphics.csproj", "{46786269-57B9-48E7-AA4F-8F4D84609FE6}"
EndProject
Project("{FAE04EC0-301F-11D3-BF4B-00C04F79EFBC}") = "sfml-window", "engine\SFML\src\Window\sfml-window.csproj", "{D17DE83D-A592-461F-8AF2-53F9E22E1D0F}"
EndProject
Project("{2150E333-8FDC-42A3-9474-1A3956D46DE8}") = "SFML", "SFML", "{1780DA39-F1EC-4100-8C58-ECD756C68033}"
EndProject
Global
	GlobalSection(SolutionConfigurationPlatforms) = preSolution
		Debug|x64 = Debug|x64
		Debug|x86 = Debug|x86
		Release|x64 = Release|x64
		Release|x86 = Release|x86
	EndGlobalSection
	GlobalSection(ProjectConfigurationPlatforms) = postSolution
		{26AEEBB3-DDE7-443A-9F43-7BC7F4ACF6B5}.Debug|x64.ActiveCfg = Debug|x86
		{26AEEBB3-DDE7-443A-9F43-7BC7F4ACF6B5}.Debug|x86.ActiveCfg = Debug|x86
		{26AEEBB3-DDE7-443A-9F43-7BC7F4ACF6B5}.Debug|x86.Build.0 = Debug|x86
		{26AEEBB3-DDE7-443A-9F43-7BC7F4ACF6B5}.Release|x64.ActiveCfg = Release|x86
		{26AEEBB3-DDE7-443A-9F43-7BC7F4ACF6B5}.Release|x86.ActiveCfg = Release|x86
		{26AEEBB3-DDE7-443A-9F43-7BC7F4ACF6B5}.Release|x86.Build.0 = Release|x86
		{0529F740-0000-0000-0000-000000000000}.Debug|x64.ActiveCfg = Debug|x86
		{0529F740-0000-0000-0000-000000000000}.Debug|x86.ActiveCfg = Debug|x86
		{0529F740-0000-0000-0000-000000000000}.Debug|x86.Build.0 = Debug|x86
		{0529F740-0000-0000-0000-000000000000}.Release|x64.ActiveCfg = Release|x86
		{0529F740-0000-0000-0000-000000000000}.Release|x86.ActiveCfg = Release|x86
		{0529F740-0000-0000-0000-000000000000}.Release|x86.Build.0 = Release|x86
		{B04AAE71-0000-0000-0000-000000000000}.Debug|x64.ActiveCfg = Debug|x86
		{B04AAE71-0000-0000-0000-000000000000}.Debug|x86.ActiveCfg = Debug|x86
		{B04AAE71-0000-0000-0000-000000000000}.Debug|x86.Build.0 = Debug|x86
		{B04AAE71-0000-0000-0000-000000000000}.Release|x64.ActiveCfg = Release|x86
		{B04AAE71-0000-0000-0000-000000000000}.Release|x86.ActiveCfg = Release|x86
		{B04AAE71-0000-0000-0000-000000000000}.Release|x86.Build.0 = Release|x86
		{302B877E-0000-0000-0000-000000000000}.Debug|x64.ActiveCfg = Debug|x86
		{302B877E-0000-0000-0000-000000000000}.Debug|x86.ActiveCfg = Debug|x86
		{302B877E-0000-0000-0000-000000000000}.Debug|x86.Build.0 = Debug|x86
		{302B877E-0000-0000-0000-000000000000}.Release|x64.ActiveCfg = Release|x86
		{302B877E-0000-0000-0000-000000000000}.Release|x86.ActiveCfg = Release|x86
		{302B877E-0000-0000-0000-000000000000}.Release|x86.Build.0 = Release|x86
		{0C31DFDF-0000-0000-0000-000000000000}.Debug|x64.ActiveCfg = Debug|x86
		{0C31DFDF-0000-0000-0000-000000000000}.Debug|x86.ActiveCfg = Debug|x86
		{0C31DFDF-0000-0000-0000-000000000000}.Debug|x86.Build.0 = Debug|x86
		{0C31DFDF-0000-0000-0000-000000000000}.Release|x64.ActiveCfg = Release|x86
		{0C31DFDF-0000-0000-0000-000000000000}.Release|x86.ActiveCfg = Release|x86
		{0C31DFDF-0000-0000-0000-000000000000}.Release|x86.Build.0 = Release|x86
		{F0ADA779-40B8-4F7E-BA6C-CDB19F3065D9}.Debug|x64.ActiveCfg = Debug|x86
		{F0ADA779-40B8-4F7E-BA6C-CDB19F3065D9}.Debug|x86.ActiveCfg = Debug|x86
		{F0ADA779-40B8-4F7E-BA6C-CDB19F3065D9}.Debug|x86.Build.0 = Debug|x86
		{F0ADA779-40B8-4F7E-BA6C-CDB19F3065D9}.Release|x64.ActiveCfg = Release|x86
		{F0ADA779-40B8-4F7E-BA6C-CDB19F3065D9}.Release|x86.ActiveCfg = Release|x86
		{F0ADA779-40B8-4F7E-BA6C-CDB19F3065D9}.Release|x86.Build.0 = Release|x86
		{B38DBBD0-04C2-4D1A-84E2-B3446F6ADF2A}.Debug|x64.ActiveCfg = Debug|x86
		{B38DBBD0-04C2-4D1A-84E2-B3446F6ADF2A}.Debug|x86.ActiveCfg = Debug|x86
		{B38DBBD0-04C2-4D1A-84E2-B3446F6ADF2A}.Debug|x86.Build.0 = Debug|x86
		{B38DBBD0-04C2-4D1A-84E2-B3446F6ADF2A}.Release|x64.ActiveCfg = Release|x86
		{B38DBBD0-04C2-4D1A-84E2-B3446F6ADF2A}.Release|x86.ActiveCfg = Release|x86
		{B38DBBD0-04C2-4D1A-84E2-B3446F6ADF2A}.Release|x86.Build.0 = Release|x86
		{A2E5F175-78AF-4DDD-8F97-E2D2552372ED}.Debug|x64.ActiveCfg = Debug|x86
		{A2E5F175-78AF-4DDD-8F97-E2D2552372ED}.Debug|x86.ActiveCfg = Debug|x86
		{A2E5F175-78AF-4DDD-8F97-E2D2552372ED}.Debug|x86.Build.0 = Debug|x86
		{A2E5F175-78AF-4DDD-8F97-E2D2552372ED}.Release|x64.ActiveCfg = Release|x86
		{A2E5F175-78AF-4DDD-8F97-E2D2552372ED}.Release|x86.ActiveCfg = Release|x86
		{A2E5F175-78AF-4DDD-8F97-E2D2552372ED}.Release|x86.Build.0 = Release|x86
		{59250BAF-0000-0000-0000-000000000000}.Debug|x64.ActiveCfg = Debug|x86
		{59250BAF-0000-0000-0000-000000000000}.Debug|x86.ActiveCfg = Debug|x86
		{59250BAF-0000-0000-0000-000000000000}.Debug|x86.Build.0 = Debug|x86
		{59250BAF-0000-0000-0000-000000000000}.Release|x64.ActiveCfg = Release|x86
		{59250BAF-0000-0000-0000-000000000000}.Release|x86.ActiveCfg = Release|x86
		{59250BAF-0000-0000-0000-000000000000}.Release|x86.Build.0 = Release|x86
		{C899FCA4-7037-4E49-ABC2-44DE72487110}.Debug|x64.ActiveCfg = Debug|x86
		{C899FCA4-7037-4E49-ABC2-44DE72487110}.Debug|x86.ActiveCfg = Debug|x86
		{C899FCA4-7037-4E49-ABC2-44DE72487110}.Debug|x86.Build.0 = Debug|x86
		{C899FCA4-7037-4E49-ABC2-44DE72487110}.Release|x64.ActiveCfg = Debug|x86
		{C899FCA4-7037-4E49-ABC2-44DE72487110}.Release|x64.Build.0 = Debug|x86
		{C899FCA4-7037-4E49-ABC2-44DE72487110}.Release|x86.ActiveCfg = Debug|x86
		{C899FCA4-7037-4E49-ABC2-44DE72487110}.Release|x86.Build.0 = Debug|x86
		{31D24303-F6A9-4D53-BB03-A73EDCB3186D}.Debug|x64.ActiveCfg = Debug|x64
		{31D24303-F6A9-4D53-BB03-A73EDCB3186D}.Debug|x64.Build.0 = Debug|x64
		{31D24303-F6A9-4D53-BB03-A73EDCB3186D}.Debug|x86.ActiveCfg = Debug|x86
		{31D24303-F6A9-4D53-BB03-A73EDCB3186D}.Debug|x86.Build.0 = Debug|x86
		{31D24303-F6A9-4D53-BB03-A73EDCB3186D}.Release|x64.ActiveCfg = Release|x64
		{31D24303-F6A9-4D53-BB03-A73EDCB3186D}.Release|x64.Build.0 = Release|x64
		{31D24303-F6A9-4D53-BB03-A73EDCB3186D}.Release|x86.ActiveCfg = Release|x86
		{31D24303-F6A9-4D53-BB03-A73EDCB3186D}.Release|x86.Build.0 = Release|x86
		{46786269-57B9-48E7-AA4F-8F4D84609FE6}.Debug|x64.ActiveCfg = Debug|x64
		{46786269-57B9-48E7-AA4F-8F4D84609FE6}.Debug|x64.Build.0 = Debug|x64
		{46786269-57B9-48E7-AA4F-8F4D84609FE6}.Debug|x86.ActiveCfg = Debug|x86
		{46786269-57B9-48E7-AA4F-8F4D84609FE6}.Debug|x86.Build.0 = Debug|x86
		{46786269-57B9-48E7-AA4F-8F4D84609FE6}.Release|x64.ActiveCfg = Release|x64
		{46786269-57B9-48E7-AA4F-8F4D84609FE6}.Release|x64.Build.0 = Release|x64
		{46786269-57B9-48E7-AA4F-8F4D84609FE6}.Release|x86.ActiveCfg = Release|x86
		{46786269-57B9-48E7-AA4F-8F4D84609FE6}.Release|x86.Build.0 = Release|x86
		{D17DE83D-A592-461F-8AF2-53F9E22E1D0F}.Debug|x64.ActiveCfg = Debug|x64
		{D17DE83D-A592-461F-8AF2-53F9E22E1D0F}.Debug|x64.Build.0 = Debug|x64
		{D17DE83D-A592-461F-8AF2-53F9E22E1D0F}.Debug|x86.ActiveCfg = Debug|x86
		{D17DE83D-A592-461F-8AF2-53F9E22E1D0F}.Debug|x86.Build.0 = Debug|x86
		{D17DE83D-A592-461F-8AF2-53F9E22E1D0F}.Release|x64.ActiveCfg = Release|x64
		{D17DE83D-A592-461F-8AF2-53F9E22E1D0F}.Release|x64.Build.0 = Release|x64
		{D17DE83D-A592-461F-8AF2-53F9E22E1D0F}.Release|x86.ActiveCfg = Release|x86
		{D17DE83D-A592-461F-8AF2-53F9E22E1D0F}.Release|x86.Build.0 = Release|x86
	EndGlobalSection
	GlobalSection(SolutionProperties) = preSolution
		HideSolutionNode = FALSE
	EndGlobalSection
	GlobalSection(NestedProjects) = preSolution
		{0529F740-0000-0000-0000-000000000000} = {B01693E5-CF08-4DB7-8920-407F8D6603A1}
		{B04AAE71-0000-0000-0000-000000000000} = {B01693E5-CF08-4DB7-8920-407F8D6603A1}
		{302B877E-0000-0000-0000-000000000000} = {B01693E5-CF08-4DB7-8920-407F8D6603A1}
		{0C31DFDF-0000-0000-0000-000000000000} = {B01693E5-CF08-4DB7-8920-407F8D6603A1}
		{F0ADA779-40B8-4F7E-BA6C-CDB19F3065D9} = {B01693E5-CF08-4DB7-8920-407F8D6603A1}
		{59250BAF-0000-0000-0000-000000000000} = {B01693E5-CF08-4DB7-8920-407F8D6603A1}
		{C899FCA4-7037-4E49-ABC2-44DE72487110} = {3202E94D-E985-4181-9F69-F458A7F6574F}
		{31D24303-F6A9-4D53-BB03-A73EDCB3186D} = {1780DA39-F1EC-4100-8C58-ECD756C68033}
		{46786269-57B9-48E7-AA4F-8F4D84609FE6} = {1780DA39-F1EC-4100-8C58-ECD756C68033}
		{D17DE83D-A592-461F-8AF2-53F9E22E1D0F} = {1780DA39-F1EC-4100-8C58-ECD756C68033}
		{1780DA39-F1EC-4100-8C58-ECD756C68033} = {B01693E5-CF08-4DB7-8920-407F8D6603A1}
	EndGlobalSection
EndGlobal
