
Microsoft Visual Studio Solution File, Format Version 12.00
# Visual Studio 15
VisualStudioVersion = 15.0.26730.16
MinimumVisualStudioVersion = 10.0.40219.1
Project("{FAE04EC0-301F-11D3-BF4B-00C04F79EFBC}") = "Content.Shared", "Content.Shared\Content.Shared.csproj", "{26AEEBB3-DDE7-443A-9F43-7BC7F4ACF6B5}"
	ProjectSection(ProjectDependencies) = postProject
		{5F161008-6C48-4596-A2DE-5E7B0CEB2AA1} = {5F161008-6C48-4596-A2DE-5E7B0CEB2AA1}
		{7DC961F2-A45B-4193-BE7F-77622A231943} = {7DC961F2-A45B-4193-BE7F-77622A231943}
	EndProjectSection
EndProject
Project("{FAE04EC0-301F-11D3-BF4B-00C04F79EFBC}") = "Content.Server", "Content.Server\Content.Server.csproj", "{B38DBBD0-04C2-4D1A-84E2-B3446F6ADF2A}"
	ProjectSection(ProjectDependencies) = postProject
		{5F161008-6C48-4596-A2DE-5E7B0CEB2AA1} = {5F161008-6C48-4596-A2DE-5E7B0CEB2AA1}
		{FF197E54-2EAE-4A6A-BE19-7BE701F5588A} = {FF197E54-2EAE-4A6A-BE19-7BE701F5588A}
		{D63D377C-242B-4FC5-8337-35CB87E6C537} = {D63D377C-242B-4FC5-8337-35CB87E6C537}
		{CDD8AD7E-C24E-49C8-97E6-10DB96A9786F} = {CDD8AD7E-C24E-49C8-97E6-10DB96A9786F}
		{3F8AA5A7-7198-49D5-B460-4A83A8F1528A} = {3F8AA5A7-7198-49D5-B460-4A83A8F1528A}
		{26AEEBB3-DDE7-443A-9F43-7BC7F4ACF6B5} = {26AEEBB3-DDE7-443A-9F43-7BC7F4ACF6B5}
		{916C5BF0-74BF-485D-A233-C1AC30007119} = {916C5BF0-74BF-485D-A233-C1AC30007119}
		{7DC961F2-A45B-4193-BE7F-77622A231943} = {7DC961F2-A45B-4193-BE7F-77622A231943}
	EndProjectSection
EndProject
Project("{FAE04EC0-301F-11D3-BF4B-00C04F79EFBC}") = "Content.Client", "Content.Client\Content.Client.csproj", "{A2E5F175-78AF-4DDD-8F97-E2D2552372ED}"
	ProjectSection(ProjectDependencies) = postProject
		{5F161008-6C48-4596-A2DE-5E7B0CEB2AA1} = {5F161008-6C48-4596-A2DE-5E7B0CEB2AA1}
		{FF197E54-2EAE-4A6A-BE19-7BE701F5588A} = {FF197E54-2EAE-4A6A-BE19-7BE701F5588A}
		{D63D377C-242B-4FC5-8337-35CB87E6C537} = {D63D377C-242B-4FC5-8337-35CB87E6C537}
		{CDD8AD7E-C24E-49C8-97E6-10DB96A9786F} = {CDD8AD7E-C24E-49C8-97E6-10DB96A9786F}
		{3F8AA5A7-7198-49D5-B460-4A83A8F1528A} = {3F8AA5A7-7198-49D5-B460-4A83A8F1528A}
		{916C5BF0-74BF-485D-A233-C1AC30007119} = {916C5BF0-74BF-485D-A233-C1AC30007119}
		{7DC961F2-A45B-4193-BE7F-77622A231943} = {7DC961F2-A45B-4193-BE7F-77622A231943}
	EndProjectSection
EndProject
Project("{2150E333-8FDC-42A3-9474-1A3956D46DE8}") = "Build Checker", "Build Checker", "{3202E94D-E985-4181-9F69-F458A7F6574F}"
EndProject
Project("{FAE04EC0-301F-11D3-BF4B-00C04F79EFBC}") = "BuildChecker", "BuildChecker\BuildChecker.csproj", "{C899FCA4-7037-4E49-ABC2-44DE72487110}"
EndProject
Project("{FAE04EC0-301F-11D3-BF4B-00C04F79EFBC}") = "Content.Tests", "Content.Tests\Content.Tests.csproj", "{8EDF4429-251A-416D-BB68-93F227191BCF}"
EndProject
Project("{2150E333-8FDC-42A3-9474-1A3956D46DE8}") = "RobustToolbox", "RobustToolbox", "{83B4CBBA-547A-42F0-A7CD-8A67D93196CE}"
EndProject
Project("{FAE04EC0-301F-11D3-BF4B-00C04F79EFBC}") = "SS14.Client", "RobustToolbox\SS14.Client\SS14.Client.csproj", "{3F8AA5A7-7198-49D5-B460-4A83A8F1528A}"
	ProjectSection(ProjectDependencies) = postProject
		{5F161008-6C48-4596-A2DE-5E7B0CEB2AA1} = {5F161008-6C48-4596-A2DE-5E7B0CEB2AA1}
		{7DC961F2-A45B-4193-BE7F-77622A231943} = {7DC961F2-A45B-4193-BE7F-77622A231943}
	EndProjectSection
EndProject
Project("{FAE04EC0-301F-11D3-BF4B-00C04F79EFBC}") = "SS14.Client.Godot", "RobustToolbox\SS14.Client.Godot\SS14.Client.Godot.csproj", "{CDD8AD7E-C24E-49C8-97E6-10DB96A9786F}"
EndProject
Project("{FAE04EC0-301F-11D3-BF4B-00C04F79EFBC}") = "SS14.Server", "RobustToolbox\SS14.Server\SS14.Server.csproj", "{916C5BF0-74BF-485D-A233-C1AC30007119}"
	ProjectSection(ProjectDependencies) = postProject
		{5F161008-6C48-4596-A2DE-5E7B0CEB2AA1} = {5F161008-6C48-4596-A2DE-5E7B0CEB2AA1}
		{7DC961F2-A45B-4193-BE7F-77622A231943} = {7DC961F2-A45B-4193-BE7F-77622A231943}
	EndProjectSection
EndProject
Project("{FAE04EC0-301F-11D3-BF4B-00C04F79EFBC}") = "SS14.Shared", "RobustToolbox\SS14.Shared\SS14.Shared.csproj", "{5F161008-6C48-4596-A2DE-5E7B0CEB2AA1}"
	ProjectSection(ProjectDependencies) = postProject
		{7DC961F2-A45B-4193-BE7F-77622A231943} = {7DC961F2-A45B-4193-BE7F-77622A231943}
	EndProjectSection
EndProject
Project("{FAE04EC0-301F-11D3-BF4B-00C04F79EFBC}") = "SS14.Shared.Maths", "RobustToolbox\SS14.Shared.Maths\SS14.Shared.Maths.csproj", "{7DC961F2-A45B-4193-BE7F-77622A231943}"
EndProject
Project("{FAE04EC0-301F-11D3-BF4B-00C04F79EFBC}") = "SS14.UnitTesting", "RobustToolbox\SS14.UnitTesting\SS14.UnitTesting.csproj", "{FF197E54-2EAE-4A6A-BE19-7BE701F5588A}"
	ProjectSection(ProjectDependencies) = postProject
		{5F161008-6C48-4596-A2DE-5E7B0CEB2AA1} = {5F161008-6C48-4596-A2DE-5E7B0CEB2AA1}
		{3F8AA5A7-7198-49D5-B460-4A83A8F1528A} = {3F8AA5A7-7198-49D5-B460-4A83A8F1528A}
		{916C5BF0-74BF-485D-A233-C1AC30007119} = {916C5BF0-74BF-485D-A233-C1AC30007119}
	EndProjectSection
EndProject
Project("{FAE04EC0-301F-11D3-BF4B-00C04F79EFBC}") = "Lidgren.Network", "RobustToolbox\Lidgren.Network\Lidgren.Network.csproj", "{D63D377C-242B-4FC5-8337-35CB87E6C537}"
EndProject
Global
	GlobalSection(SolutionConfigurationPlatforms) = preSolution
		Debug|Any CPU = Debug|Any CPU
		Debug|x64 = Debug|x64
		Debug|x86 = Debug|x86
		Release|Any CPU = Release|Any CPU
		Release|x64 = Release|x64
		Release|x86 = Release|x86
	EndGlobalSection
	GlobalSection(ProjectConfigurationPlatforms) = postSolution
		{26AEEBB3-DDE7-443A-9F43-7BC7F4ACF6B5}.Debug|Any CPU.ActiveCfg = Debug|Any CPU
		{26AEEBB3-DDE7-443A-9F43-7BC7F4ACF6B5}.Debug|Any CPU.Build.0 = Debug|Any CPU
		{26AEEBB3-DDE7-443A-9F43-7BC7F4ACF6B5}.Debug|x64.ActiveCfg = Debug|x64
		{26AEEBB3-DDE7-443A-9F43-7BC7F4ACF6B5}.Debug|x64.Build.0 = Debug|x64
		{26AEEBB3-DDE7-443A-9F43-7BC7F4ACF6B5}.Debug|x86.ActiveCfg = Debug|x86
		{26AEEBB3-DDE7-443A-9F43-7BC7F4ACF6B5}.Debug|x86.Build.0 = Debug|x86
		{26AEEBB3-DDE7-443A-9F43-7BC7F4ACF6B5}.Release|Any CPU.ActiveCfg = Release|Any CPU
		{26AEEBB3-DDE7-443A-9F43-7BC7F4ACF6B5}.Release|Any CPU.Build.0 = Release|Any CPU
		{26AEEBB3-DDE7-443A-9F43-7BC7F4ACF6B5}.Release|x64.ActiveCfg = Release|x64
		{26AEEBB3-DDE7-443A-9F43-7BC7F4ACF6B5}.Release|x64.Build.0 = Release|x64
		{26AEEBB3-DDE7-443A-9F43-7BC7F4ACF6B5}.Release|x86.ActiveCfg = Release|x86
		{26AEEBB3-DDE7-443A-9F43-7BC7F4ACF6B5}.Release|x86.Build.0 = Release|x86
		{B38DBBD0-04C2-4D1A-84E2-B3446F6ADF2A}.Debug|Any CPU.ActiveCfg = Debug|Any CPU
		{B38DBBD0-04C2-4D1A-84E2-B3446F6ADF2A}.Debug|Any CPU.Build.0 = Debug|Any CPU
		{B38DBBD0-04C2-4D1A-84E2-B3446F6ADF2A}.Debug|x64.ActiveCfg = Debug|x64
		{B38DBBD0-04C2-4D1A-84E2-B3446F6ADF2A}.Debug|x64.Build.0 = Debug|x64
		{B38DBBD0-04C2-4D1A-84E2-B3446F6ADF2A}.Debug|x86.ActiveCfg = Debug|x86
		{B38DBBD0-04C2-4D1A-84E2-B3446F6ADF2A}.Debug|x86.Build.0 = Debug|x86
		{B38DBBD0-04C2-4D1A-84E2-B3446F6ADF2A}.Release|Any CPU.ActiveCfg = Release|Any CPU
		{B38DBBD0-04C2-4D1A-84E2-B3446F6ADF2A}.Release|Any CPU.Build.0 = Release|Any CPU
		{B38DBBD0-04C2-4D1A-84E2-B3446F6ADF2A}.Release|x64.ActiveCfg = Release|x64
		{B38DBBD0-04C2-4D1A-84E2-B3446F6ADF2A}.Release|x64.Build.0 = Release|x64
		{B38DBBD0-04C2-4D1A-84E2-B3446F6ADF2A}.Release|x86.ActiveCfg = Release|x86
		{B38DBBD0-04C2-4D1A-84E2-B3446F6ADF2A}.Release|x86.Build.0 = Release|x86
		{A2E5F175-78AF-4DDD-8F97-E2D2552372ED}.Debug|Any CPU.ActiveCfg = Debug|Any CPU
		{A2E5F175-78AF-4DDD-8F97-E2D2552372ED}.Debug|Any CPU.Build.0 = Debug|Any CPU
		{A2E5F175-78AF-4DDD-8F97-E2D2552372ED}.Debug|x64.ActiveCfg = Debug|x64
		{A2E5F175-78AF-4DDD-8F97-E2D2552372ED}.Debug|x64.Build.0 = Debug|x64
		{A2E5F175-78AF-4DDD-8F97-E2D2552372ED}.Debug|x86.ActiveCfg = Debug|x86
		{A2E5F175-78AF-4DDD-8F97-E2D2552372ED}.Debug|x86.Build.0 = Debug|x86
		{A2E5F175-78AF-4DDD-8F97-E2D2552372ED}.Release|Any CPU.ActiveCfg = Release|Any CPU
		{A2E5F175-78AF-4DDD-8F97-E2D2552372ED}.Release|Any CPU.Build.0 = Release|Any CPU
		{A2E5F175-78AF-4DDD-8F97-E2D2552372ED}.Release|x64.ActiveCfg = Release|x64
		{A2E5F175-78AF-4DDD-8F97-E2D2552372ED}.Release|x64.Build.0 = Release|x64
		{A2E5F175-78AF-4DDD-8F97-E2D2552372ED}.Release|x86.ActiveCfg = Release|x86
		{A2E5F175-78AF-4DDD-8F97-E2D2552372ED}.Release|x86.Build.0 = Release|x86
		{C899FCA4-7037-4E49-ABC2-44DE72487110}.Debug|Any CPU.ActiveCfg = Debug|Any CPU
		{C899FCA4-7037-4E49-ABC2-44DE72487110}.Debug|Any CPU.Build.0 = Debug|Any CPU
		{C899FCA4-7037-4E49-ABC2-44DE72487110}.Debug|x64.ActiveCfg = Debug|Any CPU
		{C899FCA4-7037-4E49-ABC2-44DE72487110}.Debug|x86.ActiveCfg = Debug|Any CPU
		{C899FCA4-7037-4E49-ABC2-44DE72487110}.Debug|x86.Build.0 = Debug|Any CPU
		{C899FCA4-7037-4E49-ABC2-44DE72487110}.Release|Any CPU.ActiveCfg = Debug|Any CPU
		{C899FCA4-7037-4E49-ABC2-44DE72487110}.Release|Any CPU.Build.0 = Debug|Any CPU
		{C899FCA4-7037-4E49-ABC2-44DE72487110}.Release|x64.ActiveCfg = Debug|Any CPU
		{C899FCA4-7037-4E49-ABC2-44DE72487110}.Release|x64.Build.0 = Debug|Any CPU
		{C899FCA4-7037-4E49-ABC2-44DE72487110}.Release|x86.ActiveCfg = Debug|Any CPU
		{C899FCA4-7037-4E49-ABC2-44DE72487110}.Release|x86.Build.0 = Debug|Any CPU
		{8EDF4429-251A-416D-BB68-93F227191BCF}.Debug|Any CPU.ActiveCfg = Debug|Any CPU
		{8EDF4429-251A-416D-BB68-93F227191BCF}.Debug|Any CPU.Build.0 = Debug|Any CPU
		{8EDF4429-251A-416D-BB68-93F227191BCF}.Debug|x64.ActiveCfg = Debug|x64
		{8EDF4429-251A-416D-BB68-93F227191BCF}.Debug|x64.Build.0 = Debug|x64
		{8EDF4429-251A-416D-BB68-93F227191BCF}.Debug|x86.ActiveCfg = Debug|x86
		{8EDF4429-251A-416D-BB68-93F227191BCF}.Debug|x86.Build.0 = Debug|x86
		{8EDF4429-251A-416D-BB68-93F227191BCF}.Release|Any CPU.ActiveCfg = Release|Any CPU
		{8EDF4429-251A-416D-BB68-93F227191BCF}.Release|Any CPU.Build.0 = Release|Any CPU
		{8EDF4429-251A-416D-BB68-93F227191BCF}.Release|x64.ActiveCfg = Release|x64
		{8EDF4429-251A-416D-BB68-93F227191BCF}.Release|x64.Build.0 = Release|x64
		{8EDF4429-251A-416D-BB68-93F227191BCF}.Release|x86.ActiveCfg = Release|x86
		{8EDF4429-251A-416D-BB68-93F227191BCF}.Release|x86.Build.0 = Release|x86
		{3F8AA5A7-7198-49D5-B460-4A83A8F1528A}.Debug|Any CPU.ActiveCfg = Debug|Any CPU
		{3F8AA5A7-7198-49D5-B460-4A83A8F1528A}.Debug|Any CPU.Build.0 = Debug|Any CPU
		{3F8AA5A7-7198-49D5-B460-4A83A8F1528A}.Debug|x64.ActiveCfg = Debug|x64
		{3F8AA5A7-7198-49D5-B460-4A83A8F1528A}.Debug|x64.Build.0 = Debug|x64
		{3F8AA5A7-7198-49D5-B460-4A83A8F1528A}.Debug|x86.ActiveCfg = Debug|x86
		{3F8AA5A7-7198-49D5-B460-4A83A8F1528A}.Debug|x86.Build.0 = Debug|x86
		{3F8AA5A7-7198-49D5-B460-4A83A8F1528A}.Release|Any CPU.ActiveCfg = Release|Any CPU
		{3F8AA5A7-7198-49D5-B460-4A83A8F1528A}.Release|Any CPU.Build.0 = Release|Any CPU
		{3F8AA5A7-7198-49D5-B460-4A83A8F1528A}.Release|x64.ActiveCfg = Release|x64
		{3F8AA5A7-7198-49D5-B460-4A83A8F1528A}.Release|x64.Build.0 = Release|x64
		{3F8AA5A7-7198-49D5-B460-4A83A8F1528A}.Release|x86.ActiveCfg = Release|x86
		{3F8AA5A7-7198-49D5-B460-4A83A8F1528A}.Release|x86.Build.0 = Release|x86
		{CDD8AD7E-C24E-49C8-97E6-10DB96A9786F}.Debug|Any CPU.ActiveCfg = Debug|Any CPU
		{CDD8AD7E-C24E-49C8-97E6-10DB96A9786F}.Debug|Any CPU.Build.0 = Debug|Any CPU
		{CDD8AD7E-C24E-49C8-97E6-10DB96A9786F}.Debug|x64.ActiveCfg = Debug|Any CPU
		{CDD8AD7E-C24E-49C8-97E6-10DB96A9786F}.Debug|x64.Build.0 = Debug|Any CPU
		{CDD8AD7E-C24E-49C8-97E6-10DB96A9786F}.Debug|x86.ActiveCfg = Debug|Any CPU
		{CDD8AD7E-C24E-49C8-97E6-10DB96A9786F}.Debug|x86.Build.0 = Debug|Any CPU
		{CDD8AD7E-C24E-49C8-97E6-10DB96A9786F}.Release|Any CPU.ActiveCfg = Release|Any CPU
		{CDD8AD7E-C24E-49C8-97E6-10DB96A9786F}.Release|Any CPU.Build.0 = Release|Any CPU
		{CDD8AD7E-C24E-49C8-97E6-10DB96A9786F}.Release|x64.ActiveCfg = Release|Any CPU
		{CDD8AD7E-C24E-49C8-97E6-10DB96A9786F}.Release|x64.Build.0 = Release|Any CPU
		{CDD8AD7E-C24E-49C8-97E6-10DB96A9786F}.Release|x86.ActiveCfg = Release|Any CPU
		{CDD8AD7E-C24E-49C8-97E6-10DB96A9786F}.Release|x86.Build.0 = Release|Any CPU
		{916C5BF0-74BF-485D-A233-C1AC30007119}.Debug|Any CPU.ActiveCfg = Debug|Any CPU
		{916C5BF0-74BF-485D-A233-C1AC30007119}.Debug|Any CPU.Build.0 = Debug|Any CPU
		{916C5BF0-74BF-485D-A233-C1AC30007119}.Debug|x64.ActiveCfg = Debug|x64
		{916C5BF0-74BF-485D-A233-C1AC30007119}.Debug|x64.Build.0 = Debug|x64
		{916C5BF0-74BF-485D-A233-C1AC30007119}.Debug|x86.ActiveCfg = Debug|x86
		{916C5BF0-74BF-485D-A233-C1AC30007119}.Debug|x86.Build.0 = Debug|x86
		{916C5BF0-74BF-485D-A233-C1AC30007119}.Release|Any CPU.ActiveCfg = Release|Any CPU
		{916C5BF0-74BF-485D-A233-C1AC30007119}.Release|Any CPU.Build.0 = Release|Any CPU
		{916C5BF0-74BF-485D-A233-C1AC30007119}.Release|x64.ActiveCfg = Release|x64
		{916C5BF0-74BF-485D-A233-C1AC30007119}.Release|x64.Build.0 = Release|x64
		{916C5BF0-74BF-485D-A233-C1AC30007119}.Release|x86.ActiveCfg = Release|x86
		{916C5BF0-74BF-485D-A233-C1AC30007119}.Release|x86.Build.0 = Release|x86
		{5F161008-6C48-4596-A2DE-5E7B0CEB2AA1}.Debug|Any CPU.ActiveCfg = Debug|Any CPU
		{5F161008-6C48-4596-A2DE-5E7B0CEB2AA1}.Debug|Any CPU.Build.0 = Debug|Any CPU
		{5F161008-6C48-4596-A2DE-5E7B0CEB2AA1}.Debug|x64.ActiveCfg = Debug|x64
		{5F161008-6C48-4596-A2DE-5E7B0CEB2AA1}.Debug|x64.Build.0 = Debug|x64
		{5F161008-6C48-4596-A2DE-5E7B0CEB2AA1}.Debug|x86.ActiveCfg = Debug|x86
		{5F161008-6C48-4596-A2DE-5E7B0CEB2AA1}.Debug|x86.Build.0 = Debug|x86
		{5F161008-6C48-4596-A2DE-5E7B0CEB2AA1}.Release|Any CPU.ActiveCfg = Release|Any CPU
		{5F161008-6C48-4596-A2DE-5E7B0CEB2AA1}.Release|Any CPU.Build.0 = Release|Any CPU
		{5F161008-6C48-4596-A2DE-5E7B0CEB2AA1}.Release|x64.ActiveCfg = Release|x64
		{5F161008-6C48-4596-A2DE-5E7B0CEB2AA1}.Release|x64.Build.0 = Release|x64
		{5F161008-6C48-4596-A2DE-5E7B0CEB2AA1}.Release|x86.ActiveCfg = Release|x86
		{5F161008-6C48-4596-A2DE-5E7B0CEB2AA1}.Release|x86.Build.0 = Release|x86
		{7DC961F2-A45B-4193-BE7F-77622A231943}.Debug|Any CPU.ActiveCfg = Debug|Any CPU
		{7DC961F2-A45B-4193-BE7F-77622A231943}.Debug|Any CPU.Build.0 = Debug|Any CPU
		{7DC961F2-A45B-4193-BE7F-77622A231943}.Debug|x64.ActiveCfg = Debug|x64
		{7DC961F2-A45B-4193-BE7F-77622A231943}.Debug|x64.Build.0 = Debug|x64
		{7DC961F2-A45B-4193-BE7F-77622A231943}.Debug|x86.ActiveCfg = Debug|x86
		{7DC961F2-A45B-4193-BE7F-77622A231943}.Debug|x86.Build.0 = Debug|x86
		{7DC961F2-A45B-4193-BE7F-77622A231943}.Release|Any CPU.ActiveCfg = Release|Any CPU
		{7DC961F2-A45B-4193-BE7F-77622A231943}.Release|Any CPU.Build.0 = Release|Any CPU
		{7DC961F2-A45B-4193-BE7F-77622A231943}.Release|x64.ActiveCfg = Release|x64
		{7DC961F2-A45B-4193-BE7F-77622A231943}.Release|x64.Build.0 = Release|x64
		{7DC961F2-A45B-4193-BE7F-77622A231943}.Release|x86.ActiveCfg = Release|x86
		{7DC961F2-A45B-4193-BE7F-77622A231943}.Release|x86.Build.0 = Release|x86
		{FF197E54-2EAE-4A6A-BE19-7BE701F5588A}.Debug|Any CPU.ActiveCfg = Debug|Any CPU
		{FF197E54-2EAE-4A6A-BE19-7BE701F5588A}.Debug|Any CPU.Build.0 = Debug|Any CPU
		{FF197E54-2EAE-4A6A-BE19-7BE701F5588A}.Debug|x64.ActiveCfg = Debug|x64
		{FF197E54-2EAE-4A6A-BE19-7BE701F5588A}.Debug|x64.Build.0 = Debug|x64
		{FF197E54-2EAE-4A6A-BE19-7BE701F5588A}.Debug|x86.ActiveCfg = Debug|x86
		{FF197E54-2EAE-4A6A-BE19-7BE701F5588A}.Debug|x86.Build.0 = Debug|x86
		{FF197E54-2EAE-4A6A-BE19-7BE701F5588A}.Release|Any CPU.ActiveCfg = Debug|Any CPU
		{FF197E54-2EAE-4A6A-BE19-7BE701F5588A}.Release|Any CPU.Build.0 = Debug|Any CPU
		{FF197E54-2EAE-4A6A-BE19-7BE701F5588A}.Release|x64.ActiveCfg = Debug|x64
		{FF197E54-2EAE-4A6A-BE19-7BE701F5588A}.Release|x64.Build.0 = Debug|x64
		{FF197E54-2EAE-4A6A-BE19-7BE701F5588A}.Release|x86.ActiveCfg = Debug|x86
		{FF197E54-2EAE-4A6A-BE19-7BE701F5588A}.Release|x86.Build.0 = Debug|x86
		{D63D377C-242B-4FC5-8337-35CB87E6C537}.Debug|Any CPU.ActiveCfg = Debug|Any CPU
		{D63D377C-242B-4FC5-8337-35CB87E6C537}.Debug|Any CPU.Build.0 = Debug|Any CPU
		{D63D377C-242B-4FC5-8337-35CB87E6C537}.Debug|x64.ActiveCfg = Debug|x64
		{D63D377C-242B-4FC5-8337-35CB87E6C537}.Debug|x64.Build.0 = Debug|x64
		{D63D377C-242B-4FC5-8337-35CB87E6C537}.Debug|x86.ActiveCfg = Debug|x86
		{D63D377C-242B-4FC5-8337-35CB87E6C537}.Debug|x86.Build.0 = Debug|x86
		{D63D377C-242B-4FC5-8337-35CB87E6C537}.Release|Any CPU.ActiveCfg = Release|Any CPU
		{D63D377C-242B-4FC5-8337-35CB87E6C537}.Release|Any CPU.Build.0 = Release|Any CPU
		{D63D377C-242B-4FC5-8337-35CB87E6C537}.Release|x64.ActiveCfg = Release|x64
		{D63D377C-242B-4FC5-8337-35CB87E6C537}.Release|x64.Build.0 = Release|x64
		{D63D377C-242B-4FC5-8337-35CB87E6C537}.Release|x86.ActiveCfg = Release|x86
		{D63D377C-242B-4FC5-8337-35CB87E6C537}.Release|x86.Build.0 = Release|x86
	EndGlobalSection
	GlobalSection(SolutionProperties) = preSolution
		HideSolutionNode = FALSE
	EndGlobalSection
	GlobalSection(NestedProjects) = preSolution
		{C899FCA4-7037-4E49-ABC2-44DE72487110} = {3202E94D-E985-4181-9F69-F458A7F6574F}
		{3F8AA5A7-7198-49D5-B460-4A83A8F1528A} = {83B4CBBA-547A-42F0-A7CD-8A67D93196CE}
		{CDD8AD7E-C24E-49C8-97E6-10DB96A9786F} = {83B4CBBA-547A-42F0-A7CD-8A67D93196CE}
		{916C5BF0-74BF-485D-A233-C1AC30007119} = {83B4CBBA-547A-42F0-A7CD-8A67D93196CE}
		{5F161008-6C48-4596-A2DE-5E7B0CEB2AA1} = {83B4CBBA-547A-42F0-A7CD-8A67D93196CE}
		{7DC961F2-A45B-4193-BE7F-77622A231943} = {83B4CBBA-547A-42F0-A7CD-8A67D93196CE}
		{FF197E54-2EAE-4A6A-BE19-7BE701F5588A} = {83B4CBBA-547A-42F0-A7CD-8A67D93196CE}
		{D63D377C-242B-4FC5-8337-35CB87E6C537} = {83B4CBBA-547A-42F0-A7CD-8A67D93196CE}
	EndGlobalSection
	GlobalSection(ExtensibilityGlobals) = postSolution
		SolutionGuid = {AA37ED9F-F8D6-468E-A101-658AD605B09A}
	EndGlobalSection
EndGlobal
