
Microsoft Visual Studio Solution File, Format Version 12.00
# Visual Studio Version 16
VisualStudioVersion = 16.0.29709.97
MinimumVisualStudioVersion = 10.0.40219.1
Project("{9A19103F-16F7-4668-BE54-9A1E7A4F7556}") = "Content.Shared", "Content.Shared\Content.Shared.csproj", "{26AEEBB3-DDE7-443A-9F43-7BC7F4ACF6B5}"
EndProject
Project("{9A19103F-16F7-4668-BE54-9A1E7A4F7556}") = "Content.Server", "Content.Server\Content.Server.csproj", "{B38DBBD0-04C2-4D1A-84E2-B3446F6ADF2A}"
	ProjectSection(ProjectDependencies) = postProject
		{59250BAF-0000-0000-0000-000000000000} = {59250BAF-0000-0000-0000-000000000000}
		{26AEEBB3-DDE7-443A-9F43-7BC7F4ACF6B5} = {26AEEBB3-DDE7-443A-9F43-7BC7F4ACF6B5}
	EndProjectSection
EndProject
Project("{9A19103F-16F7-4668-BE54-9A1E7A4F7556}") = "Content.Client", "Content.Client\Content.Client.csproj", "{A2E5F175-78AF-4DDD-8F97-E2D2552372ED}"
	ProjectSection(ProjectDependencies) = postProject
		{59250BAF-0000-0000-0000-000000000000} = {59250BAF-0000-0000-0000-000000000000}
	EndProjectSection
EndProject
Project("{2150E333-8FDC-42A3-9474-1A3956D46DE8}") = "Build Checker", "Build Checker", "{3202E94D-E985-4181-9F69-F458A7F6574F}"
EndProject
Project("{FAE04EC0-301F-11D3-BF4B-00C04F79EFBC}") = "BuildChecker", "BuildChecker\BuildChecker.csproj", "{C899FCA4-7037-4E49-ABC2-44DE72487110}"
EndProject
Project("{9A19103F-16F7-4668-BE54-9A1E7A4F7556}") = "Content.Tests", "Content.Tests\Content.Tests.csproj", "{8EDF4429-251A-416D-BB68-93F227191BCF}"
EndProject
Project("{2150E333-8FDC-42A3-9474-1A3956D46DE8}") = "RobustToolbox", "RobustToolbox", "{83B4CBBA-547A-42F0-A7CD-8A67D93196CE}"
EndProject
Project("{9A19103F-16F7-4668-BE54-9A1E7A4F7556}") = "Lidgren.Network", "RobustToolbox\Lidgren.Network\Lidgren.Network.csproj", "{59250BAF-0000-0000-0000-000000000000}"
EndProject
Project("{9A19103F-16F7-4668-BE54-9A1E7A4F7556}") = "Robust.Client", "RobustToolbox\Robust.Client\Robust.Client.csproj", "{83429BD6-6358-4B18-BE51-401DF8EA2673}"
EndProject
Project("{9A19103F-16F7-4668-BE54-9A1E7A4F7556}") = "Robust.Server", "RobustToolbox\Robust.Server\Robust.Server.csproj", "{B04AAE71-0000-0000-0000-000000000000}"
EndProject
Project("{9A19103F-16F7-4668-BE54-9A1E7A4F7556}") = "Robust.Shared.Maths", "RobustToolbox\Robust.Shared.Maths\Robust.Shared.Maths.csproj", "{93F23A82-00C5-4572-964E-E7C9457726D4}"
EndProject
Project("{9A19103F-16F7-4668-BE54-9A1E7A4F7556}") = "Robust.UnitTesting", "RobustToolbox\Robust.UnitTesting\Robust.UnitTesting.csproj", "{F0ADA779-40B8-4F7E-BA6C-CDB19F3065D9}"
EndProject
Project("{9A19103F-16F7-4668-BE54-9A1E7A4F7556}") = "Robust.Shared", "RobustToolbox\Robust.Shared\Robust.Shared.csproj", "{0529F740-0000-0000-0000-000000000000}"
EndProject
Project("{9A19103F-16F7-4668-BE54-9A1E7A4F7556}") = "Content.IntegrationTests", "Content.IntegrationTests\Content.IntegrationTests.csproj", "{AB7AF1C8-30FF-4436-9DF0-179BE5B0C132}"
EndProject
Project("{9A19103F-16F7-4668-BE54-9A1E7A4F7556}") = "Content.Benchmarks", "Content.Benchmarks\Content.Benchmarks.csproj", "{7AC832A1-2461-4EB5-AC26-26F6AFFA9E46}"
EndProject
Project("{9A19103F-16F7-4668-BE54-9A1E7A4F7556}") = "OpenToolkit.GraphicsLibraryFramework", "RobustToolbox\OpenToolkit.GraphicsLibraryFramework\OpenToolkit.GraphicsLibraryFramework.csproj", "{4809F412-3132-419E-BF9D-CCF7593C3533}"
EndProject
Project("{9A19103F-16F7-4668-BE54-9A1E7A4F7556}") = "Content.Server.Database", "Content.Server.Database\Content.Server.Database.csproj", "{45C9B43F-305D-4651-9863-F6384CBC847F}"
EndProject
Project("{2150E333-8FDC-42A3-9474-1A3956D46DE8}") = "MSBuild", "MSBuild", "{50404922-9637-4394-BF59-165D0850ADC8}"
	ProjectSection(SolutionItems) = preProject
		RobustToolbox\MSBuild\Robust.DefineConstants.targets = RobustToolbox\MSBuild\Robust.DefineConstants.targets
		RobustToolbox\MSBuild\Robust.Engine.targets = RobustToolbox\MSBuild\Robust.Engine.targets
		RobustToolbox\MSBuild\Robust.Properties.targets = RobustToolbox\MSBuild\Robust.Properties.targets
		RobustToolbox\MSBuild\XamlIL.targets = RobustToolbox\MSBuild\XamlIL.targets
		RobustToolbox\MSBuild\Robust.Analyzers.targets = RobustToolbox\MSBuild\Robust.Analyzers.targets
		RobustToolbox\MSBuild\Robust.Engine.props = RobustToolbox\MSBuild\Robust.Engine.props
		RobustToolbox\MSBuild\Robust.Engine.Version.props = RobustToolbox\MSBuild\Robust.Engine.Version.props
		RobustToolbox\MSBuild\Robust.Trimming.targets = RobustToolbox\MSBuild\Robust.Trimming.targets
		RobustToolbox\MSBuild\Robust.Platform.props = RobustToolbox\MSBuild\Robust.Platform.props
		RobustToolbox\MSBuild\Robust.Configurations.props = RobustToolbox\MSBuild\Robust.Configurations.props
		RobustToolbox\MSBuild\Robust.CompNetworkGenerator.targets = RobustToolbox\MSBuild\Robust.CompNetworkGenerator.targets
	EndProjectSection
EndProject
Project("{2150E333-8FDC-42A3-9474-1A3956D46DE8}") = "Build", "Build", "{806ED41A-411B-4B3B-BEB6-DEC6DCA4C205}"
	ProjectSection(SolutionItems) = preProject
		Tools\gen_build_info.py = Tools\gen_build_info.py
		Tools\generate_hashes.ps1 = Tools\generate_hashes.ps1
	EndProjectSection
EndProject
Project("{9A19103F-16F7-4668-BE54-9A1E7A4F7556}") = "Robust.Shared.Scripting", "RobustToolbox\Robust.Shared.Scripting\Robust.Shared.Scripting.csproj", "{41B450C0-A361-4CD7-8121-7072B8995CFC}"
EndProject
Project("{9A19103F-16F7-4668-BE54-9A1E7A4F7556}") = "NetSerializer", "RobustToolbox\NetSerializer\NetSerializer\NetSerializer.csproj", "{7B9472D3-79D4-48D1-9B22-BCDE518FE842}"
EndProject
Project("{9A19103F-16F7-4668-BE54-9A1E7A4F7556}") = "Robust.Physics", "RobustToolbox\Robust.Physics\Robust.Physics.csproj", "{3BC34700-882F-426B-82BB-56D5708B5E0D}"
EndProject
Project("{FAE04EC0-301F-11D3-BF4B-00C04F79EFBC}") = "Robust.LoaderApi", "RobustToolbox\Robust.LoaderApi\Robust.LoaderApi\Robust.LoaderApi.csproj", "{1FAE651D-29D8-437A-9864-47CE0D180016}"
EndProject
Project("{FAE04EC0-301F-11D3-BF4B-00C04F79EFBC}") = "Robust.Client.NameGenerator", "RobustToolbox\Robust.Client.NameGenerator\Robust.Client.NameGenerator.csproj", "{3CFEB7DB-12C6-46F3-89FC-1450F3016FFA}"
EndProject
Project("{FAE04EC0-301F-11D3-BF4B-00C04F79EFBC}") = "Robust.Client.Injectors", "RobustToolbox\Robust.Client.Injectors\Robust.Client.Injectors.csproj", "{8922428F-17C3-47A7-BFE9-570DEB2464DA}"
EndProject
Project("{FAE04EC0-301F-11D3-BF4B-00C04F79EFBC}") = "XamlX.IL.Cecil", "RobustToolbox\XamlX\src\XamlX.IL.Cecil\XamlX.IL.Cecil.csproj", "{16F7DE32-0186-44B9-9345-0C20D1BF2422}"
EndProject
Project("{2150E333-8FDC-42A3-9474-1A3956D46DE8}") = "XamlX", "XamlX", "{AFF53804-115F-4E67-B81F-26265EA27880}"
EndProject
Project("{FAE04EC0-301F-11D3-BF4B-00C04F79EFBC}") = "XamlX", "RobustToolbox\XamlX\src\XamlX\XamlX.csproj", "{23F09C45-950E-4DB7-A465-E937450FF008}"
EndProject
Project("{FAE04EC0-301F-11D3-BF4B-00C04F79EFBC}") = "XamlX.Runtime", "RobustToolbox\XamlX\src\XamlX.Runtime\XamlX.Runtime.csproj", "{440426C1-8DCA-43F6-967F-94439B8DAF47}"
EndProject
Project("{FAE04EC0-301F-11D3-BF4B-00C04F79EFBC}") = "Content.Tools", "Content.Tools\Content.Tools.csproj", "{75AB8F8D-9E56-4B12-85E3-E03A852B31CC}"
EndProject
Project("{FAE04EC0-301F-11D3-BF4B-00C04F79EFBC}") = "Robust.Analyzers", "RobustToolbox\Robust.Analyzers\Robust.Analyzers.csproj", "{88B0FC0F-7209-40E2-AF16-EB90AF727C5B}"
EndProject
Project("{FAE04EC0-301F-11D3-BF4B-00C04F79EFBC}") = "Content.YAMLLinter", "Content.YAMLLinter\Content.YAMLLinter.csproj", "{A59E2FCC-93CF-4886-8EA7-94F021A7475D}"
EndProject
Project("{FAE04EC0-301F-11D3-BF4B-00C04F79EFBC}") = "Avalonia.Base", "RobustToolbox\Avalonia.Base\Avalonia.Base.csproj", "{A3C5B00A-D232-4A01-B82E-B0E58BFD5C12}"
EndProject
Project("{FAE04EC0-301F-11D3-BF4B-00C04F79EFBC}") = "Robust.Benchmarks", "RobustToolbox\Robust.Benchmarks\Robust.Benchmarks.csproj", "{8A21C7CA-2EB8-40E5-8043-33582C06D139}"
EndProject
Project("{FAE04EC0-301F-11D3-BF4B-00C04F79EFBC}") = "Pow3r", "Pow3r\Pow3r.csproj", "{1C048C9F-00A9-4796-BE4D-BB36B7769720}"
EndProject
Project("{FAE04EC0-301F-11D3-BF4B-00C04F79EFBC}") = "Content.Shared.Database", "Content.Shared.Database\Content.Shared.Database.csproj", "{8842381D-3426-4BA8-93DA-599AB14D88E9}"
EndProject
Project("{FAE04EC0-301F-11D3-BF4B-00C04F79EFBC}") = "Content.MapRenderer", "Content.MapRenderer\Content.MapRenderer.csproj", "{199BBEA1-7627-434B-B6F6-0F52A7C0E1E0}"
EndProject
Project("{FAE04EC0-301F-11D3-BF4B-00C04F79EFBC}") = "Robust.Packaging", "RobustToolbox\Robust.Packaging\Robust.Packaging.csproj", "{952AAF2A-DF63-4A7D-8094-3453893EBA80}"
EndProject
Project("{FAE04EC0-301F-11D3-BF4B-00C04F79EFBC}") = "Content.Packaging", "Content.Packaging\Content.Packaging.csproj", "{424445D4-F5D9-4CA9-A435-0A36E8AA28F3}"
EndProject
Project("{2150E333-8FDC-42A3-9474-1A3956D46DE8}") = "Project Files", "Project Files", "{EC27A16C-9412-4AA6-AE68-CAAB28882802}"
	ProjectSection(SolutionItems) = preProject
		.editorconfig = .editorconfig
		.gitattributes = .gitattributes
		.gitignore = .gitignore
		README.md = README.md
	EndProjectSection
EndProject
Project("{2150E333-8FDC-42A3-9474-1A3956D46DE8}") = "Project Files", "Project Files", "{A965CB3B-FD31-44AF-8872-85ABA436098D}"
	ProjectSection(SolutionItems) = preProject
		RobustToolbox\README.md = RobustToolbox\README.md
		RobustToolbox\RELEASE-NOTES.md = RobustToolbox\RELEASE-NOTES.md
	EndProjectSection
EndProject
Project("{9A19103F-16F7-4668-BE54-9A1E7A4F7556}") = "Content.Replay", "Content.Replay\Content.Replay.csproj", "{A493616C-338D-47B7-8072-A7F14D034D0B}"
EndProject
Project("{FAE04EC0-301F-11D3-BF4B-00C04F79EFBC}") = "Robust.Shared.CompNetworkGenerator", "RobustToolbox\Robust.Shared.CompNetworkGenerator\Robust.Shared.CompNetworkGenerator.csproj", "{07CA34A1-1D37-4771-A2E3-495A1044AE0B}"
EndProject
Project("{FAE04EC0-301F-11D3-BF4B-00C04F79EFBC}") = "Robust.Serialization.Generator", "RobustToolbox\Robust.Serialization.Generator\Robust.Serialization.Generator.csproj", "{6FBF108E-5CB5-47DE-8D7E-B496ABA9E3E2}"
EndProject
Project("{FAE04EC0-301F-11D3-BF4B-00C04F79EFBC}") = "Content.PatreonParser", "Content.PatreonParser\Content.PatreonParser.csproj", "{D97D8258-D915-4D1D-B1E3-1A8D00CF9EB5}"
EndProject
Global
	GlobalSection(SolutionConfigurationPlatforms) = preSolution
		Debug|Any CPU = Debug|Any CPU
		Release|Any CPU = Release|Any CPU
		DebugOpt|Any CPU = DebugOpt|Any CPU
		Tools|Any CPU = Tools|Any CPU
	EndGlobalSection
	GlobalSection(ProjectConfigurationPlatforms) = postSolution
		{26AEEBB3-DDE7-443A-9F43-7BC7F4ACF6B5}.Debug|Any CPU.ActiveCfg = Debug|Any CPU
		{26AEEBB3-DDE7-443A-9F43-7BC7F4ACF6B5}.Debug|Any CPU.Build.0 = Debug|Any CPU
		{26AEEBB3-DDE7-443A-9F43-7BC7F4ACF6B5}.Release|Any CPU.ActiveCfg = Release|Any CPU
		{26AEEBB3-DDE7-443A-9F43-7BC7F4ACF6B5}.Release|Any CPU.Build.0 = Release|Any CPU
		{26AEEBB3-DDE7-443A-9F43-7BC7F4ACF6B5}.DebugOpt|Any CPU.ActiveCfg = DebugOpt|Any CPU
		{26AEEBB3-DDE7-443A-9F43-7BC7F4ACF6B5}.DebugOpt|Any CPU.Build.0 = DebugOpt|Any CPU
		{26AEEBB3-DDE7-443A-9F43-7BC7F4ACF6B5}.Tools|Any CPU.ActiveCfg = Tools|Any CPU
		{26AEEBB3-DDE7-443A-9F43-7BC7F4ACF6B5}.Tools|Any CPU.Build.0 = Tools|Any CPU
		{B38DBBD0-04C2-4D1A-84E2-B3446F6ADF2A}.Debug|Any CPU.ActiveCfg = Debug|Any CPU
		{B38DBBD0-04C2-4D1A-84E2-B3446F6ADF2A}.Debug|Any CPU.Build.0 = Debug|Any CPU
		{B38DBBD0-04C2-4D1A-84E2-B3446F6ADF2A}.Release|Any CPU.ActiveCfg = Release|Any CPU
		{B38DBBD0-04C2-4D1A-84E2-B3446F6ADF2A}.Release|Any CPU.Build.0 = Release|Any CPU
		{B38DBBD0-04C2-4D1A-84E2-B3446F6ADF2A}.DebugOpt|Any CPU.ActiveCfg = DebugOpt|Any CPU
		{B38DBBD0-04C2-4D1A-84E2-B3446F6ADF2A}.DebugOpt|Any CPU.Build.0 = DebugOpt|Any CPU
		{B38DBBD0-04C2-4D1A-84E2-B3446F6ADF2A}.Tools|Any CPU.ActiveCfg = Tools|Any CPU
		{B38DBBD0-04C2-4D1A-84E2-B3446F6ADF2A}.Tools|Any CPU.Build.0 = Tools|Any CPU
		{A2E5F175-78AF-4DDD-8F97-E2D2552372ED}.Debug|Any CPU.ActiveCfg = Debug|Any CPU
		{A2E5F175-78AF-4DDD-8F97-E2D2552372ED}.Debug|Any CPU.Build.0 = Debug|Any CPU
		{A2E5F175-78AF-4DDD-8F97-E2D2552372ED}.Release|Any CPU.ActiveCfg = Release|Any CPU
		{A2E5F175-78AF-4DDD-8F97-E2D2552372ED}.Release|Any CPU.Build.0 = Release|Any CPU
		{A2E5F175-78AF-4DDD-8F97-E2D2552372ED}.DebugOpt|Any CPU.ActiveCfg = DebugOpt|Any CPU
		{A2E5F175-78AF-4DDD-8F97-E2D2552372ED}.DebugOpt|Any CPU.Build.0 = DebugOpt|Any CPU
		{A2E5F175-78AF-4DDD-8F97-E2D2552372ED}.Tools|Any CPU.ActiveCfg = Tools|Any CPU
		{A2E5F175-78AF-4DDD-8F97-E2D2552372ED}.Tools|Any CPU.Build.0 = Tools|Any CPU
		{C899FCA4-7037-4E49-ABC2-44DE72487110}.Debug|Any CPU.ActiveCfg = Debug|Any CPU
		{C899FCA4-7037-4E49-ABC2-44DE72487110}.Release|Any CPU.ActiveCfg = Release|Any CPU
		{C899FCA4-7037-4E49-ABC2-44DE72487110}.Debug|Any CPU.Build.0 = Debug|Any CPU
		{C899FCA4-7037-4E49-ABC2-44DE72487110}.DebugOpt|Any CPU.ActiveCfg = DebugOpt|Any CPU
		{C899FCA4-7037-4E49-ABC2-44DE72487110}.DebugOpt|Any CPU.Build.0 = DebugOpt|Any CPU
		{C899FCA4-7037-4E49-ABC2-44DE72487110}.Tools|Any CPU.ActiveCfg = Tools|Any CPU
		{C899FCA4-7037-4E49-ABC2-44DE72487110}.Tools|Any CPU.Build.0 = Tools|Any CPU
		{8EDF4429-251A-416D-BB68-93F227191BCF}.Debug|Any CPU.ActiveCfg = Debug|Any CPU
		{8EDF4429-251A-416D-BB68-93F227191BCF}.Debug|Any CPU.Build.0 = Debug|Any CPU
		{8EDF4429-251A-416D-BB68-93F227191BCF}.Release|Any CPU.ActiveCfg = Release|Any CPU
		{8EDF4429-251A-416D-BB68-93F227191BCF}.Release|Any CPU.Build.0 = Release|Any CPU
		{8EDF4429-251A-416D-BB68-93F227191BCF}.DebugOpt|Any CPU.ActiveCfg = DebugOpt|Any CPU
		{8EDF4429-251A-416D-BB68-93F227191BCF}.DebugOpt|Any CPU.Build.0 = DebugOpt|Any CPU
		{8EDF4429-251A-416D-BB68-93F227191BCF}.Tools|Any CPU.ActiveCfg = Tools|Any CPU
		{8EDF4429-251A-416D-BB68-93F227191BCF}.Tools|Any CPU.Build.0 = Tools|Any CPU
		{59250BAF-0000-0000-0000-000000000000}.Debug|Any CPU.ActiveCfg = Debug|Any CPU
		{59250BAF-0000-0000-0000-000000000000}.Debug|Any CPU.Build.0 = Debug|Any CPU
		{59250BAF-0000-0000-0000-000000000000}.Release|Any CPU.ActiveCfg = Release|Any CPU
		{59250BAF-0000-0000-0000-000000000000}.Release|Any CPU.Build.0 = Release|Any CPU
		{59250BAF-0000-0000-0000-000000000000}.DebugOpt|Any CPU.ActiveCfg = DebugOpt|Any CPU
		{59250BAF-0000-0000-0000-000000000000}.DebugOpt|Any CPU.Build.0 = DebugOpt|Any CPU
		{59250BAF-0000-0000-0000-000000000000}.Tools|Any CPU.ActiveCfg = Tools|Any CPU
		{59250BAF-0000-0000-0000-000000000000}.Tools|Any CPU.Build.0 = Tools|Any CPU
		{83429BD6-6358-4B18-BE51-401DF8EA2673}.Debug|Any CPU.ActiveCfg = Debug|Any CPU
		{83429BD6-6358-4B18-BE51-401DF8EA2673}.Debug|Any CPU.Build.0 = Debug|Any CPU
		{83429BD6-6358-4B18-BE51-401DF8EA2673}.Release|Any CPU.ActiveCfg = Release|Any CPU
		{83429BD6-6358-4B18-BE51-401DF8EA2673}.Release|Any CPU.Build.0 = Release|Any CPU
		{83429BD6-6358-4B18-BE51-401DF8EA2673}.DebugOpt|Any CPU.ActiveCfg = DebugOpt|Any CPU
		{83429BD6-6358-4B18-BE51-401DF8EA2673}.DebugOpt|Any CPU.Build.0 = DebugOpt|Any CPU
		{83429BD6-6358-4B18-BE51-401DF8EA2673}.Tools|Any CPU.ActiveCfg = Tools|Any CPU
		{83429BD6-6358-4B18-BE51-401DF8EA2673}.Tools|Any CPU.Build.0 = Tools|Any CPU
		{B04AAE71-0000-0000-0000-000000000000}.Debug|Any CPU.ActiveCfg = Debug|Any CPU
		{B04AAE71-0000-0000-0000-000000000000}.Debug|Any CPU.Build.0 = Debug|Any CPU
		{B04AAE71-0000-0000-0000-000000000000}.Release|Any CPU.ActiveCfg = Release|Any CPU
		{B04AAE71-0000-0000-0000-000000000000}.Release|Any CPU.Build.0 = Release|Any CPU
		{B04AAE71-0000-0000-0000-000000000000}.DebugOpt|Any CPU.ActiveCfg = DebugOpt|Any CPU
		{B04AAE71-0000-0000-0000-000000000000}.DebugOpt|Any CPU.Build.0 = DebugOpt|Any CPU
		{B04AAE71-0000-0000-0000-000000000000}.Tools|Any CPU.ActiveCfg = Tools|Any CPU
		{B04AAE71-0000-0000-0000-000000000000}.Tools|Any CPU.Build.0 = Tools|Any CPU
		{93F23A82-00C5-4572-964E-E7C9457726D4}.Debug|Any CPU.ActiveCfg = Debug|Any CPU
		{93F23A82-00C5-4572-964E-E7C9457726D4}.Debug|Any CPU.Build.0 = Debug|Any CPU
		{93F23A82-00C5-4572-964E-E7C9457726D4}.Release|Any CPU.ActiveCfg = Release|Any CPU
		{93F23A82-00C5-4572-964E-E7C9457726D4}.Release|Any CPU.Build.0 = Release|Any CPU
		{93F23A82-00C5-4572-964E-E7C9457726D4}.DebugOpt|Any CPU.ActiveCfg = DebugOpt|Any CPU
		{93F23A82-00C5-4572-964E-E7C9457726D4}.DebugOpt|Any CPU.Build.0 = DebugOpt|Any CPU
		{93F23A82-00C5-4572-964E-E7C9457726D4}.Tools|Any CPU.ActiveCfg = Tools|Any CPU
		{93F23A82-00C5-4572-964E-E7C9457726D4}.Tools|Any CPU.Build.0 = Tools|Any CPU
		{F0ADA779-40B8-4F7E-BA6C-CDB19F3065D9}.Debug|Any CPU.ActiveCfg = Debug|Any CPU
		{F0ADA779-40B8-4F7E-BA6C-CDB19F3065D9}.Debug|Any CPU.Build.0 = Debug|Any CPU
		{F0ADA779-40B8-4F7E-BA6C-CDB19F3065D9}.Release|Any CPU.ActiveCfg = Release|Any CPU
		{F0ADA779-40B8-4F7E-BA6C-CDB19F3065D9}.Release|Any CPU.Build.0 = Release|Any CPU
		{F0ADA779-40B8-4F7E-BA6C-CDB19F3065D9}.DebugOpt|Any CPU.ActiveCfg = DebugOpt|Any CPU
		{F0ADA779-40B8-4F7E-BA6C-CDB19F3065D9}.DebugOpt|Any CPU.Build.0 = DebugOpt|Any CPU
		{F0ADA779-40B8-4F7E-BA6C-CDB19F3065D9}.Tools|Any CPU.ActiveCfg = Tools|Any CPU
		{F0ADA779-40B8-4F7E-BA6C-CDB19F3065D9}.Tools|Any CPU.Build.0 = Tools|Any CPU
		{0529F740-0000-0000-0000-000000000000}.Debug|Any CPU.ActiveCfg = Debug|Any CPU
		{0529F740-0000-0000-0000-000000000000}.Debug|Any CPU.Build.0 = Debug|Any CPU
		{0529F740-0000-0000-0000-000000000000}.Release|Any CPU.ActiveCfg = Release|Any CPU
		{0529F740-0000-0000-0000-000000000000}.Release|Any CPU.Build.0 = Release|Any CPU
		{0529F740-0000-0000-0000-000000000000}.DebugOpt|Any CPU.ActiveCfg = DebugOpt|Any CPU
		{0529F740-0000-0000-0000-000000000000}.DebugOpt|Any CPU.Build.0 = DebugOpt|Any CPU
		{0529F740-0000-0000-0000-000000000000}.Tools|Any CPU.ActiveCfg = Tools|Any CPU
		{0529F740-0000-0000-0000-000000000000}.Tools|Any CPU.Build.0 = Tools|Any CPU
		{AB7AF1C8-30FF-4436-9DF0-179BE5B0C132}.Debug|Any CPU.ActiveCfg = Debug|Any CPU
		{AB7AF1C8-30FF-4436-9DF0-179BE5B0C132}.Debug|Any CPU.Build.0 = Debug|Any CPU
		{AB7AF1C8-30FF-4436-9DF0-179BE5B0C132}.Release|Any CPU.ActiveCfg = Release|Any CPU
		{AB7AF1C8-30FF-4436-9DF0-179BE5B0C132}.Release|Any CPU.Build.0 = Release|Any CPU
		{AB7AF1C8-30FF-4436-9DF0-179BE5B0C132}.DebugOpt|Any CPU.ActiveCfg = DebugOpt|Any CPU
		{AB7AF1C8-30FF-4436-9DF0-179BE5B0C132}.DebugOpt|Any CPU.Build.0 = DebugOpt|Any CPU
		{AB7AF1C8-30FF-4436-9DF0-179BE5B0C132}.Tools|Any CPU.ActiveCfg = Tools|Any CPU
		{AB7AF1C8-30FF-4436-9DF0-179BE5B0C132}.Tools|Any CPU.Build.0 = Tools|Any CPU
		{7AC832A1-2461-4EB5-AC26-26F6AFFA9E46}.Debug|Any CPU.ActiveCfg = Debug|Any CPU
		{7AC832A1-2461-4EB5-AC26-26F6AFFA9E46}.Debug|Any CPU.Build.0 = Debug|Any CPU
		{7AC832A1-2461-4EB5-AC26-26F6AFFA9E46}.Release|Any CPU.ActiveCfg = Release|Any CPU
		{7AC832A1-2461-4EB5-AC26-26F6AFFA9E46}.Release|Any CPU.Build.0 = Release|Any CPU
		{7AC832A1-2461-4EB5-AC26-26F6AFFA9E46}.DebugOpt|Any CPU.ActiveCfg = DebugOpt|Any CPU
		{7AC832A1-2461-4EB5-AC26-26F6AFFA9E46}.DebugOpt|Any CPU.Build.0 = DebugOpt|Any CPU
		{7AC832A1-2461-4EB5-AC26-26F6AFFA9E46}.Tools|Any CPU.ActiveCfg = Tools|Any CPU
		{7AC832A1-2461-4EB5-AC26-26F6AFFA9E46}.Tools|Any CPU.Build.0 = Tools|Any CPU
		{4809F412-3132-419E-BF9D-CCF7593C3533}.Debug|Any CPU.ActiveCfg = Debug|Any CPU
		{4809F412-3132-419E-BF9D-CCF7593C3533}.Debug|Any CPU.Build.0 = Debug|Any CPU
		{4809F412-3132-419E-BF9D-CCF7593C3533}.Release|Any CPU.ActiveCfg = Release|Any CPU
		{4809F412-3132-419E-BF9D-CCF7593C3533}.Release|Any CPU.Build.0 = Release|Any CPU
		{4809F412-3132-419E-BF9D-CCF7593C3533}.DebugOpt|Any CPU.ActiveCfg = DebugOpt|Any CPU
		{4809F412-3132-419E-BF9D-CCF7593C3533}.DebugOpt|Any CPU.Build.0 = DebugOpt|Any CPU
		{4809F412-3132-419E-BF9D-CCF7593C3533}.Tools|Any CPU.ActiveCfg = Tools|Any CPU
		{4809F412-3132-419E-BF9D-CCF7593C3533}.Tools|Any CPU.Build.0 = Tools|Any CPU
		{45C9B43F-305D-4651-9863-F6384CBC847F}.Debug|Any CPU.ActiveCfg = Debug|Any CPU
		{45C9B43F-305D-4651-9863-F6384CBC847F}.Debug|Any CPU.Build.0 = Debug|Any CPU
		{45C9B43F-305D-4651-9863-F6384CBC847F}.Release|Any CPU.ActiveCfg = Release|Any CPU
		{45C9B43F-305D-4651-9863-F6384CBC847F}.Release|Any CPU.Build.0 = Release|Any CPU
		{45C9B43F-305D-4651-9863-F6384CBC847F}.DebugOpt|Any CPU.ActiveCfg = DebugOpt|Any CPU
		{45C9B43F-305D-4651-9863-F6384CBC847F}.DebugOpt|Any CPU.Build.0 = DebugOpt|Any CPU
		{45C9B43F-305D-4651-9863-F6384CBC847F}.Tools|Any CPU.ActiveCfg = Tools|Any CPU
		{45C9B43F-305D-4651-9863-F6384CBC847F}.Tools|Any CPU.Build.0 = Tools|Any CPU
		{41B450C0-A361-4CD7-8121-7072B8995CFC}.Debug|Any CPU.ActiveCfg = Debug|Any CPU
		{41B450C0-A361-4CD7-8121-7072B8995CFC}.Debug|Any CPU.Build.0 = Debug|Any CPU
		{41B450C0-A361-4CD7-8121-7072B8995CFC}.Release|Any CPU.ActiveCfg = Release|Any CPU
		{41B450C0-A361-4CD7-8121-7072B8995CFC}.Release|Any CPU.Build.0 = Release|Any CPU
		{41B450C0-A361-4CD7-8121-7072B8995CFC}.DebugOpt|Any CPU.ActiveCfg = DebugOpt|Any CPU
		{41B450C0-A361-4CD7-8121-7072B8995CFC}.DebugOpt|Any CPU.Build.0 = DebugOpt|Any CPU
		{41B450C0-A361-4CD7-8121-7072B8995CFC}.Tools|Any CPU.ActiveCfg = Tools|Any CPU
		{41B450C0-A361-4CD7-8121-7072B8995CFC}.Tools|Any CPU.Build.0 = Tools|Any CPU
		{7B9472D3-79D4-48D1-9B22-BCDE518FE842}.Debug|Any CPU.ActiveCfg = Debug|Any CPU
		{7B9472D3-79D4-48D1-9B22-BCDE518FE842}.Debug|Any CPU.Build.0 = Debug|Any CPU
		{7B9472D3-79D4-48D1-9B22-BCDE518FE842}.Release|Any CPU.ActiveCfg = Release|Any CPU
		{7B9472D3-79D4-48D1-9B22-BCDE518FE842}.Release|Any CPU.Build.0 = Release|Any CPU
		{7B9472D3-79D4-48D1-9B22-BCDE518FE842}.DebugOpt|Any CPU.ActiveCfg = Debug|Any CPU
		{7B9472D3-79D4-48D1-9B22-BCDE518FE842}.DebugOpt|Any CPU.Build.0 = Debug|Any CPU
		{7B9472D3-79D4-48D1-9B22-BCDE518FE842}.Tools|Any CPU.ActiveCfg = Release|Any CPU
		{7B9472D3-79D4-48D1-9B22-BCDE518FE842}.Tools|Any CPU.Build.0 = Release|Any CPU
		{3BC34700-882F-426B-82BB-56D5708B5E0D}.Debug|Any CPU.ActiveCfg = Debug|Any CPU
		{3BC34700-882F-426B-82BB-56D5708B5E0D}.Debug|Any CPU.Build.0 = Debug|Any CPU
		{3BC34700-882F-426B-82BB-56D5708B5E0D}.Release|Any CPU.ActiveCfg = Release|Any CPU
		{3BC34700-882F-426B-82BB-56D5708B5E0D}.Release|Any CPU.Build.0 = Release|Any CPU
		{3BC34700-882F-426B-82BB-56D5708B5E0D}.DebugOpt|Any CPU.ActiveCfg = DebugOpt|Any CPU
		{3BC34700-882F-426B-82BB-56D5708B5E0D}.DebugOpt|Any CPU.Build.0 = DebugOpt|Any CPU
		{3BC34700-882F-426B-82BB-56D5708B5E0D}.Tools|Any CPU.ActiveCfg = Tools|Any CPU
		{3BC34700-882F-426B-82BB-56D5708B5E0D}.Tools|Any CPU.Build.0 = Tools|Any CPU
		{1FAE651D-29D8-437A-9864-47CE0D180016}.Debug|Any CPU.ActiveCfg = Debug|Any CPU
		{1FAE651D-29D8-437A-9864-47CE0D180016}.Debug|Any CPU.Build.0 = Debug|Any CPU
		{1FAE651D-29D8-437A-9864-47CE0D180016}.Release|Any CPU.ActiveCfg = Release|Any CPU
		{1FAE651D-29D8-437A-9864-47CE0D180016}.Release|Any CPU.Build.0 = Release|Any CPU
		{1FAE651D-29D8-437A-9864-47CE0D180016}.DebugOpt|Any CPU.ActiveCfg = Debug|Any CPU
		{1FAE651D-29D8-437A-9864-47CE0D180016}.DebugOpt|Any CPU.Build.0 = Debug|Any CPU
		{1FAE651D-29D8-437A-9864-47CE0D180016}.Tools|Any CPU.ActiveCfg = Release|Any CPU
		{1FAE651D-29D8-437A-9864-47CE0D180016}.Tools|Any CPU.Build.0 = Release|Any CPU
		{3CFEB7DB-12C6-46F3-89FC-1450F3016FFA}.Debug|Any CPU.ActiveCfg = Debug|Any CPU
		{3CFEB7DB-12C6-46F3-89FC-1450F3016FFA}.Debug|Any CPU.Build.0 = Debug|Any CPU
		{3CFEB7DB-12C6-46F3-89FC-1450F3016FFA}.Release|Any CPU.ActiveCfg = Release|Any CPU
		{3CFEB7DB-12C6-46F3-89FC-1450F3016FFA}.Release|Any CPU.Build.0 = Release|Any CPU
		{3CFEB7DB-12C6-46F3-89FC-1450F3016FFA}.DebugOpt|Any CPU.ActiveCfg = Debug|Any CPU
		{3CFEB7DB-12C6-46F3-89FC-1450F3016FFA}.DebugOpt|Any CPU.Build.0 = Debug|Any CPU
		{3CFEB7DB-12C6-46F3-89FC-1450F3016FFA}.Tools|Any CPU.ActiveCfg = Release|Any CPU
		{3CFEB7DB-12C6-46F3-89FC-1450F3016FFA}.Tools|Any CPU.Build.0 = Release|Any CPU
		{8922428F-17C3-47A7-BFE9-570DEB2464DA}.Debug|Any CPU.ActiveCfg = Debug|Any CPU
		{8922428F-17C3-47A7-BFE9-570DEB2464DA}.Debug|Any CPU.Build.0 = Debug|Any CPU
		{8922428F-17C3-47A7-BFE9-570DEB2464DA}.Release|Any CPU.ActiveCfg = Release|Any CPU
		{8922428F-17C3-47A7-BFE9-570DEB2464DA}.Release|Any CPU.Build.0 = Release|Any CPU
		{8922428F-17C3-47A7-BFE9-570DEB2464DA}.DebugOpt|Any CPU.ActiveCfg = Debug|Any CPU
		{8922428F-17C3-47A7-BFE9-570DEB2464DA}.DebugOpt|Any CPU.Build.0 = Debug|Any CPU
		{8922428F-17C3-47A7-BFE9-570DEB2464DA}.Tools|Any CPU.ActiveCfg = Release|Any CPU
		{8922428F-17C3-47A7-BFE9-570DEB2464DA}.Tools|Any CPU.Build.0 = Release|Any CPU
		{16F7DE32-0186-44B9-9345-0C20D1BF2422}.Debug|Any CPU.ActiveCfg = Debug|Any CPU
		{16F7DE32-0186-44B9-9345-0C20D1BF2422}.Debug|Any CPU.Build.0 = Debug|Any CPU
		{16F7DE32-0186-44B9-9345-0C20D1BF2422}.Release|Any CPU.ActiveCfg = Release|Any CPU
		{16F7DE32-0186-44B9-9345-0C20D1BF2422}.Release|Any CPU.Build.0 = Release|Any CPU
		{16F7DE32-0186-44B9-9345-0C20D1BF2422}.DebugOpt|Any CPU.ActiveCfg = Debug|Any CPU
		{16F7DE32-0186-44B9-9345-0C20D1BF2422}.DebugOpt|Any CPU.Build.0 = Debug|Any CPU
		{16F7DE32-0186-44B9-9345-0C20D1BF2422}.Tools|Any CPU.ActiveCfg = Release|Any CPU
		{16F7DE32-0186-44B9-9345-0C20D1BF2422}.Tools|Any CPU.Build.0 = Release|Any CPU
		{23F09C45-950E-4DB7-A465-E937450FF008}.Debug|Any CPU.ActiveCfg = Debug|Any CPU
		{23F09C45-950E-4DB7-A465-E937450FF008}.Debug|Any CPU.Build.0 = Debug|Any CPU
		{23F09C45-950E-4DB7-A465-E937450FF008}.Release|Any CPU.ActiveCfg = Release|Any CPU
		{23F09C45-950E-4DB7-A465-E937450FF008}.Release|Any CPU.Build.0 = Release|Any CPU
		{23F09C45-950E-4DB7-A465-E937450FF008}.DebugOpt|Any CPU.ActiveCfg = Debug|Any CPU
		{23F09C45-950E-4DB7-A465-E937450FF008}.DebugOpt|Any CPU.Build.0 = Debug|Any CPU
		{23F09C45-950E-4DB7-A465-E937450FF008}.Tools|Any CPU.ActiveCfg = Release|Any CPU
		{23F09C45-950E-4DB7-A465-E937450FF008}.Tools|Any CPU.Build.0 = Release|Any CPU
		{440426C1-8DCA-43F6-967F-94439B8DAF47}.Debug|Any CPU.ActiveCfg = Debug|Any CPU
		{440426C1-8DCA-43F6-967F-94439B8DAF47}.Debug|Any CPU.Build.0 = Debug|Any CPU
		{440426C1-8DCA-43F6-967F-94439B8DAF47}.Release|Any CPU.ActiveCfg = Release|Any CPU
		{440426C1-8DCA-43F6-967F-94439B8DAF47}.Release|Any CPU.Build.0 = Release|Any CPU
		{440426C1-8DCA-43F6-967F-94439B8DAF47}.DebugOpt|Any CPU.ActiveCfg = Debug|Any CPU
		{440426C1-8DCA-43F6-967F-94439B8DAF47}.DebugOpt|Any CPU.Build.0 = Debug|Any CPU
		{440426C1-8DCA-43F6-967F-94439B8DAF47}.Tools|Any CPU.ActiveCfg = Release|Any CPU
		{440426C1-8DCA-43F6-967F-94439B8DAF47}.Tools|Any CPU.Build.0 = Release|Any CPU
		{75AB8F8D-9E56-4B12-85E3-E03A852B31CC}.Debug|Any CPU.ActiveCfg = Debug|Any CPU
		{75AB8F8D-9E56-4B12-85E3-E03A852B31CC}.Debug|Any CPU.Build.0 = Debug|Any CPU
		{75AB8F8D-9E56-4B12-85E3-E03A852B31CC}.Release|Any CPU.ActiveCfg = Release|Any CPU
		{75AB8F8D-9E56-4B12-85E3-E03A852B31CC}.Release|Any CPU.Build.0 = Release|Any CPU
		{75AB8F8D-9E56-4B12-85E3-E03A852B31CC}.DebugOpt|Any CPU.ActiveCfg = DebugOpt|Any CPU
		{75AB8F8D-9E56-4B12-85E3-E03A852B31CC}.DebugOpt|Any CPU.Build.0 = DebugOpt|Any CPU
		{75AB8F8D-9E56-4B12-85E3-E03A852B31CC}.Tools|Any CPU.ActiveCfg = Tools|Any CPU
		{75AB8F8D-9E56-4B12-85E3-E03A852B31CC}.Tools|Any CPU.Build.0 = Tools|Any CPU
		{88B0FC0F-7209-40E2-AF16-EB90AF727C5B}.Debug|Any CPU.ActiveCfg = Debug|Any CPU
		{88B0FC0F-7209-40E2-AF16-EB90AF727C5B}.Debug|Any CPU.Build.0 = Debug|Any CPU
		{88B0FC0F-7209-40E2-AF16-EB90AF727C5B}.Release|Any CPU.ActiveCfg = Release|Any CPU
		{88B0FC0F-7209-40E2-AF16-EB90AF727C5B}.Release|Any CPU.Build.0 = Release|Any CPU
		{88B0FC0F-7209-40E2-AF16-EB90AF727C5B}.DebugOpt|Any CPU.ActiveCfg = Debug|Any CPU
		{88B0FC0F-7209-40E2-AF16-EB90AF727C5B}.DebugOpt|Any CPU.Build.0 = Debug|Any CPU
		{88B0FC0F-7209-40E2-AF16-EB90AF727C5B}.Tools|Any CPU.ActiveCfg = Release|Any CPU
		{88B0FC0F-7209-40E2-AF16-EB90AF727C5B}.Tools|Any CPU.Build.0 = Release|Any CPU
		{A59E2FCC-93CF-4886-8EA7-94F021A7475D}.Debug|Any CPU.ActiveCfg = Debug|Any CPU
		{A59E2FCC-93CF-4886-8EA7-94F021A7475D}.Debug|Any CPU.Build.0 = Debug|Any CPU
		{A59E2FCC-93CF-4886-8EA7-94F021A7475D}.Release|Any CPU.ActiveCfg = Release|Any CPU
		{A59E2FCC-93CF-4886-8EA7-94F021A7475D}.Release|Any CPU.Build.0 = Release|Any CPU
		{A59E2FCC-93CF-4886-8EA7-94F021A7475D}.DebugOpt|Any CPU.ActiveCfg = DebugOpt|Any CPU
		{A59E2FCC-93CF-4886-8EA7-94F021A7475D}.DebugOpt|Any CPU.Build.0 = DebugOpt|Any CPU
		{A59E2FCC-93CF-4886-8EA7-94F021A7475D}.Tools|Any CPU.ActiveCfg = Tools|Any CPU
		{A59E2FCC-93CF-4886-8EA7-94F021A7475D}.Tools|Any CPU.Build.0 = Tools|Any CPU
		{A3C5B00A-D232-4A01-B82E-B0E58BFD5C12}.Debug|Any CPU.ActiveCfg = Debug|Any CPU
		{A3C5B00A-D232-4A01-B82E-B0E58BFD5C12}.Debug|Any CPU.Build.0 = Debug|Any CPU
		{A3C5B00A-D232-4A01-B82E-B0E58BFD5C12}.Release|Any CPU.ActiveCfg = Release|Any CPU
		{A3C5B00A-D232-4A01-B82E-B0E58BFD5C12}.Release|Any CPU.Build.0 = Release|Any CPU
		{A3C5B00A-D232-4A01-B82E-B0E58BFD5C12}.DebugOpt|Any CPU.ActiveCfg = Debug|Any CPU
		{A3C5B00A-D232-4A01-B82E-B0E58BFD5C12}.DebugOpt|Any CPU.Build.0 = Debug|Any CPU
		{A3C5B00A-D232-4A01-B82E-B0E58BFD5C12}.Tools|Any CPU.ActiveCfg = Release|Any CPU
		{A3C5B00A-D232-4A01-B82E-B0E58BFD5C12}.Tools|Any CPU.Build.0 = Release|Any CPU
		{8A21C7CA-2EB8-40E5-8043-33582C06D139}.Debug|Any CPU.ActiveCfg = Debug|Any CPU
		{8A21C7CA-2EB8-40E5-8043-33582C06D139}.Debug|Any CPU.Build.0 = Debug|Any CPU
		{8A21C7CA-2EB8-40E5-8043-33582C06D139}.Release|Any CPU.ActiveCfg = Release|Any CPU
		{8A21C7CA-2EB8-40E5-8043-33582C06D139}.Release|Any CPU.Build.0 = Release|Any CPU
		{8A21C7CA-2EB8-40E5-8043-33582C06D139}.DebugOpt|Any CPU.ActiveCfg = DebugOpt|Any CPU
		{8A21C7CA-2EB8-40E5-8043-33582C06D139}.DebugOpt|Any CPU.Build.0 = DebugOpt|Any CPU
		{8A21C7CA-2EB8-40E5-8043-33582C06D139}.Tools|Any CPU.ActiveCfg = Tools|Any CPU
		{8A21C7CA-2EB8-40E5-8043-33582C06D139}.Tools|Any CPU.Build.0 = Tools|Any CPU
		{1C048C9F-00A9-4796-BE4D-BB36B7769720}.Debug|Any CPU.ActiveCfg = Debug|Any CPU
		{1C048C9F-00A9-4796-BE4D-BB36B7769720}.Debug|Any CPU.Build.0 = Debug|Any CPU
		{1C048C9F-00A9-4796-BE4D-BB36B7769720}.Release|Any CPU.ActiveCfg = Release|Any CPU
		{1C048C9F-00A9-4796-BE4D-BB36B7769720}.Release|Any CPU.Build.0 = Release|Any CPU
		{1C048C9F-00A9-4796-BE4D-BB36B7769720}.DebugOpt|Any CPU.ActiveCfg = DebugOpt|Any CPU
		{1C048C9F-00A9-4796-BE4D-BB36B7769720}.DebugOpt|Any CPU.Build.0 = DebugOpt|Any CPU
		{1C048C9F-00A9-4796-BE4D-BB36B7769720}.Tools|Any CPU.ActiveCfg = Tools|Any CPU
		{1C048C9F-00A9-4796-BE4D-BB36B7769720}.Tools|Any CPU.Build.0 = Tools|Any CPU
		{8842381D-3426-4BA8-93DA-599AB14D88E9}.Debug|Any CPU.ActiveCfg = Debug|Any CPU
		{8842381D-3426-4BA8-93DA-599AB14D88E9}.Debug|Any CPU.Build.0 = Debug|Any CPU
		{8842381D-3426-4BA8-93DA-599AB14D88E9}.Release|Any CPU.ActiveCfg = Release|Any CPU
		{8842381D-3426-4BA8-93DA-599AB14D88E9}.Release|Any CPU.Build.0 = Release|Any CPU
		{8842381D-3426-4BA8-93DA-599AB14D88E9}.DebugOpt|Any CPU.ActiveCfg = DebugOpt|Any CPU
		{8842381D-3426-4BA8-93DA-599AB14D88E9}.DebugOpt|Any CPU.Build.0 = DebugOpt|Any CPU
		{8842381D-3426-4BA8-93DA-599AB14D88E9}.Tools|Any CPU.ActiveCfg = Tools|Any CPU
		{8842381D-3426-4BA8-93DA-599AB14D88E9}.Tools|Any CPU.Build.0 = Tools|Any CPU
		{199BBEA1-7627-434B-B6F6-0F52A7C0E1E0}.Debug|Any CPU.ActiveCfg = Debug|Any CPU
		{199BBEA1-7627-434B-B6F6-0F52A7C0E1E0}.Debug|Any CPU.Build.0 = Debug|Any CPU
		{199BBEA1-7627-434B-B6F6-0F52A7C0E1E0}.Release|Any CPU.ActiveCfg = Release|Any CPU
		{199BBEA1-7627-434B-B6F6-0F52A7C0E1E0}.Release|Any CPU.Build.0 = Release|Any CPU
		{199BBEA1-7627-434B-B6F6-0F52A7C0E1E0}.DebugOpt|Any CPU.ActiveCfg = DebugOpt|Any CPU
		{199BBEA1-7627-434B-B6F6-0F52A7C0E1E0}.DebugOpt|Any CPU.Build.0 = DebugOpt|Any CPU
		{199BBEA1-7627-434B-B6F6-0F52A7C0E1E0}.Tools|Any CPU.ActiveCfg = Tools|Any CPU
		{199BBEA1-7627-434B-B6F6-0F52A7C0E1E0}.Tools|Any CPU.Build.0 = Tools|Any CPU
		{952AAF2A-DF63-4A7D-8094-3453893EBA80}.Debug|Any CPU.ActiveCfg = Debug|Any CPU
		{952AAF2A-DF63-4A7D-8094-3453893EBA80}.Debug|Any CPU.Build.0 = Debug|Any CPU
		{952AAF2A-DF63-4A7D-8094-3453893EBA80}.Release|Any CPU.ActiveCfg = Release|Any CPU
		{952AAF2A-DF63-4A7D-8094-3453893EBA80}.Release|Any CPU.Build.0 = Release|Any CPU
		{952AAF2A-DF63-4A7D-8094-3453893EBA80}.DebugOpt|Any CPU.ActiveCfg = DebugOpt|Any CPU
		{952AAF2A-DF63-4A7D-8094-3453893EBA80}.DebugOpt|Any CPU.Build.0 = DebugOpt|Any CPU
		{952AAF2A-DF63-4A7D-8094-3453893EBA80}.Tools|Any CPU.ActiveCfg = Tools|Any CPU
		{952AAF2A-DF63-4A7D-8094-3453893EBA80}.Tools|Any CPU.Build.0 = Tools|Any CPU
		{424445D4-F5D9-4CA9-A435-0A36E8AA28F3}.Debug|Any CPU.ActiveCfg = Debug|Any CPU
		{424445D4-F5D9-4CA9-A435-0A36E8AA28F3}.Debug|Any CPU.Build.0 = Debug|Any CPU
		{424445D4-F5D9-4CA9-A435-0A36E8AA28F3}.Release|Any CPU.ActiveCfg = Release|Any CPU
		{424445D4-F5D9-4CA9-A435-0A36E8AA28F3}.Release|Any CPU.Build.0 = Release|Any CPU
		{424445D4-F5D9-4CA9-A435-0A36E8AA28F3}.DebugOpt|Any CPU.ActiveCfg = DebugOpt|Any CPU
		{424445D4-F5D9-4CA9-A435-0A36E8AA28F3}.DebugOpt|Any CPU.Build.0 = DebugOpt|Any CPU
		{424445D4-F5D9-4CA9-A435-0A36E8AA28F3}.Tools|Any CPU.ActiveCfg = Tools|Any CPU
		{424445D4-F5D9-4CA9-A435-0A36E8AA28F3}.Tools|Any CPU.Build.0 = Tools|Any CPU
		{A493616C-338D-47B7-8072-A7F14D034D0B}.Debug|Any CPU.ActiveCfg = Debug|Any CPU
		{A493616C-338D-47B7-8072-A7F14D034D0B}.Debug|Any CPU.Build.0 = Debug|Any CPU
		{A493616C-338D-47B7-8072-A7F14D034D0B}.Release|Any CPU.ActiveCfg = Release|Any CPU
		{A493616C-338D-47B7-8072-A7F14D034D0B}.Release|Any CPU.Build.0 = Release|Any CPU
		{A493616C-338D-47B7-8072-A7F14D034D0B}.DebugOpt|Any CPU.ActiveCfg = DebugOpt|Any CPU
		{A493616C-338D-47B7-8072-A7F14D034D0B}.DebugOpt|Any CPU.Build.0 = DebugOpt|Any CPU
		{A493616C-338D-47B7-8072-A7F14D034D0B}.Tools|Any CPU.ActiveCfg = Tools|Any CPU
		{A493616C-338D-47B7-8072-A7F14D034D0B}.Tools|Any CPU.Build.0 = Tools|Any CPU
		{07CA34A1-1D37-4771-A2E3-495A1044AE0B}.Debug|Any CPU.ActiveCfg = Debug|Any CPU
		{07CA34A1-1D37-4771-A2E3-495A1044AE0B}.Debug|Any CPU.Build.0 = Debug|Any CPU
		{07CA34A1-1D37-4771-A2E3-495A1044AE0B}.Release|Any CPU.ActiveCfg = Release|Any CPU
		{07CA34A1-1D37-4771-A2E3-495A1044AE0B}.Release|Any CPU.Build.0 = Release|Any CPU
		{07CA34A1-1D37-4771-A2E3-495A1044AE0B}.DebugOpt|Any CPU.ActiveCfg = DebugOpt|Any CPU
		{07CA34A1-1D37-4771-A2E3-495A1044AE0B}.DebugOpt|Any CPU.Build.0 = DebugOpt|Any CPU
		{07CA34A1-1D37-4771-A2E3-495A1044AE0B}.Tools|Any CPU.ActiveCfg = Tools|Any CPU
		{07CA34A1-1D37-4771-A2E3-495A1044AE0B}.Tools|Any CPU.Build.0 = Tools|Any CPU
		{6FBF108E-5CB5-47DE-8D7E-B496ABA9E3E2}.Debug|Any CPU.ActiveCfg = Debug|Any CPU
		{6FBF108E-5CB5-47DE-8D7E-B496ABA9E3E2}.Debug|Any CPU.Build.0 = Debug|Any CPU
		{6FBF108E-5CB5-47DE-8D7E-B496ABA9E3E2}.Release|Any CPU.ActiveCfg = Release|Any CPU
		{6FBF108E-5CB5-47DE-8D7E-B496ABA9E3E2}.Release|Any CPU.Build.0 = Release|Any CPU
		{6FBF108E-5CB5-47DE-8D7E-B496ABA9E3E2}.DebugOpt|Any CPU.ActiveCfg = Debug|Any CPU
		{6FBF108E-5CB5-47DE-8D7E-B496ABA9E3E2}.DebugOpt|Any CPU.Build.0 = Debug|Any CPU
		{6FBF108E-5CB5-47DE-8D7E-B496ABA9E3E2}.Tools|Any CPU.ActiveCfg = Debug|Any CPU
		{6FBF108E-5CB5-47DE-8D7E-B496ABA9E3E2}.Tools|Any CPU.Build.0 = Debug|Any CPU
		{D97D8258-D915-4D1D-B1E3-1A8D00CF9EB5}.Debug|Any CPU.ActiveCfg = Debug|Any CPU
		{D97D8258-D915-4D1D-B1E3-1A8D00CF9EB5}.Debug|Any CPU.Build.0 = Debug|Any CPU
		{D97D8258-D915-4D1D-B1E3-1A8D00CF9EB5}.Release|Any CPU.ActiveCfg = Release|Any CPU
		{D97D8258-D915-4D1D-B1E3-1A8D00CF9EB5}.Release|Any CPU.Build.0 = Release|Any CPU
		{D97D8258-D915-4D1D-B1E3-1A8D00CF9EB5}.DebugOpt|Any CPU.ActiveCfg = Debug|Any CPU
		{D97D8258-D915-4D1D-B1E3-1A8D00CF9EB5}.DebugOpt|Any CPU.Build.0 = Debug|Any CPU
		{D97D8258-D915-4D1D-B1E3-1A8D00CF9EB5}.Tools|Any CPU.ActiveCfg = Debug|Any CPU
		{D97D8258-D915-4D1D-B1E3-1A8D00CF9EB5}.Tools|Any CPU.Build.0 = Debug|Any CPU
	EndGlobalSection
	GlobalSection(SolutionProperties) = preSolution
		HideSolutionNode = FALSE
	EndGlobalSection
	GlobalSection(NestedProjects) = preSolution
		{C899FCA4-7037-4E49-ABC2-44DE72487110} = {3202E94D-E985-4181-9F69-F458A7F6574F}
		{59250BAF-0000-0000-0000-000000000000} = {83B4CBBA-547A-42F0-A7CD-8A67D93196CE}
		{83429BD6-6358-4B18-BE51-401DF8EA2673} = {83B4CBBA-547A-42F0-A7CD-8A67D93196CE}
		{B04AAE71-0000-0000-0000-000000000000} = {83B4CBBA-547A-42F0-A7CD-8A67D93196CE}
		{93F23A82-00C5-4572-964E-E7C9457726D4} = {83B4CBBA-547A-42F0-A7CD-8A67D93196CE}
		{F0ADA779-40B8-4F7E-BA6C-CDB19F3065D9} = {83B4CBBA-547A-42F0-A7CD-8A67D93196CE}
		{0529F740-0000-0000-0000-000000000000} = {83B4CBBA-547A-42F0-A7CD-8A67D93196CE}
		{4809F412-3132-419E-BF9D-CCF7593C3533} = {83B4CBBA-547A-42F0-A7CD-8A67D93196CE}
		{50404922-9637-4394-BF59-165D0850ADC8} = {83B4CBBA-547A-42F0-A7CD-8A67D93196CE}
		{41B450C0-A361-4CD7-8121-7072B8995CFC} = {83B4CBBA-547A-42F0-A7CD-8A67D93196CE}
		{7B9472D3-79D4-48D1-9B22-BCDE518FE842} = {83B4CBBA-547A-42F0-A7CD-8A67D93196CE}
		{3BC34700-882F-426B-82BB-56D5708B5E0D} = {83B4CBBA-547A-42F0-A7CD-8A67D93196CE}
		{1FAE651D-29D8-437A-9864-47CE0D180016} = {83B4CBBA-547A-42F0-A7CD-8A67D93196CE}
		{3CFEB7DB-12C6-46F3-89FC-1450F3016FFA} = {83B4CBBA-547A-42F0-A7CD-8A67D93196CE}
		{8922428F-17C3-47A7-BFE9-570DEB2464DA} = {83B4CBBA-547A-42F0-A7CD-8A67D93196CE}
		{AFF53804-115F-4E67-B81F-26265EA27880} = {83B4CBBA-547A-42F0-A7CD-8A67D93196CE}
		{16F7DE32-0186-44B9-9345-0C20D1BF2422} = {AFF53804-115F-4E67-B81F-26265EA27880}
		{23F09C45-950E-4DB7-A465-E937450FF008} = {AFF53804-115F-4E67-B81F-26265EA27880}
		{440426C1-8DCA-43F6-967F-94439B8DAF47} = {AFF53804-115F-4E67-B81F-26265EA27880}
		{88B0FC0F-7209-40E2-AF16-EB90AF727C5B} = {83B4CBBA-547A-42F0-A7CD-8A67D93196CE}
		{A3C5B00A-D232-4A01-B82E-B0E58BFD5C12} = {83B4CBBA-547A-42F0-A7CD-8A67D93196CE}
		{8A21C7CA-2EB8-40E5-8043-33582C06D139} = {83B4CBBA-547A-42F0-A7CD-8A67D93196CE}
		{952AAF2A-DF63-4A7D-8094-3453893EBA80} = {83B4CBBA-547A-42F0-A7CD-8A67D93196CE}
		{A965CB3B-FD31-44AF-8872-85ABA436098D} = {83B4CBBA-547A-42F0-A7CD-8A67D93196CE}
		{07CA34A1-1D37-4771-A2E3-495A1044AE0B} = {83B4CBBA-547A-42F0-A7CD-8A67D93196CE}
		{6FBF108E-5CB5-47DE-8D7E-B496ABA9E3E2} = {83B4CBBA-547A-42F0-A7CD-8A67D93196CE}
	EndGlobalSection
	GlobalSection(ExtensibilityGlobals) = postSolution
		SolutionGuid = {AA37ED9F-F8D6-468E-A101-658AD605B09A}
	EndGlobalSection
EndGlobal
