
Microsoft Visual Studio Solution File, Format Version 12.00
# Visual Studio 15
VisualStudioVersion = 15.0.26430.6
MinimumVisualStudioVersion = 10.0.40219.1
Project("{FAE04EC0-301F-11D3-BF4B-00C04F79EFBC}") = "SS14.Shared", "..\engine\SS14.Shared\SS14.Shared.csproj", "{0529F740-0000-0000-0000-000000000000}"
EndProject
Project("{FAE04EC0-301F-11D3-BF4B-00C04F79EFBC}") = "SS14.Client", "..\engine\SS14.Client\SS14.Client.csproj", "{0C31DFDF-0000-0000-0000-000000000000}"
EndProject
Project("{FAE04EC0-301F-11D3-BF4B-00C04F79EFBC}") = "SS14.Server", "..\engine\SS14.Server\SS14.Server.csproj", "{B04AAE71-0000-0000-0000-000000000000}"
EndProject
Project("{FAE04EC0-301F-11D3-BF4B-00C04F79EFBC}") = "SS14.Client.Graphics", "..\engine\SS14.Client.Graphics\SS14.Client.Graphics.csproj", "{302B877E-0000-0000-0000-000000000000}"
EndProject
Project("{FAE04EC0-301F-11D3-BF4B-00C04F79EFBC}") = "Lidgren.Network", "..\engine\Lidgren.Network\Lidgren.Network.csproj", "{59250BAF-0000-0000-0000-000000000000}"
EndProject
Project("{D954291E-2A0B-460D-934E-DC6B0785DB48}") = "SS14.Content", "SS14.Content\SS14.Content.shproj", "{82515C05-61A9-46FA-912E-A1334A305AEF}"
EndProject
Global
	GlobalSection(SharedMSBuildProjectFiles) = preSolution
		SS14.Content\SS14.Content.projitems*{82515c05-61a9-46fa-912e-a1334a305aef}*SharedItemsImports = 13
	EndGlobalSection
	GlobalSection(SolutionConfigurationPlatforms) = preSolution
		Debug|x86 = Debug|x86
		Release|x86 = Release|x86
	EndGlobalSection
	GlobalSection(ProjectConfigurationPlatforms) = postSolution
		{0529F740-0000-0000-0000-000000000000}.Debug|x86.ActiveCfg = Debug|x86
		{0529F740-0000-0000-0000-000000000000}.Debug|x86.Build.0 = Debug|x86
		{0529F740-0000-0000-0000-000000000000}.Release|x86.ActiveCfg = Release|x86
		{0529F740-0000-0000-0000-000000000000}.Release|x86.Build.0 = Release|x86
		{0C31DFDF-0000-0000-0000-000000000000}.Debug|x86.ActiveCfg = Debug|x86
		{0C31DFDF-0000-0000-0000-000000000000}.Debug|x86.Build.0 = Debug|x86
		{0C31DFDF-0000-0000-0000-000000000000}.Release|x86.ActiveCfg = Release|x86
		{0C31DFDF-0000-0000-0000-000000000000}.Release|x86.Build.0 = Release|x86
		{B04AAE71-0000-0000-0000-000000000000}.Debug|x86.ActiveCfg = Debug|x86
		{B04AAE71-0000-0000-0000-000000000000}.Debug|x86.Build.0 = Debug|x86
		{B04AAE71-0000-0000-0000-000000000000}.Release|x86.ActiveCfg = Release|x86
		{B04AAE71-0000-0000-0000-000000000000}.Release|x86.Build.0 = Release|x86
		{302B877E-0000-0000-0000-000000000000}.Debug|x86.ActiveCfg = Debug|x86
		{302B877E-0000-0000-0000-000000000000}.Debug|x86.Build.0 = Debug|x86
		{302B877E-0000-0000-0000-000000000000}.Release|x86.ActiveCfg = Release|x86
		{302B877E-0000-0000-0000-000000000000}.Release|x86.Build.0 = Release|x86
		{59250BAF-0000-0000-0000-000000000000}.Debug|x86.ActiveCfg = Debug|x86
		{59250BAF-0000-0000-0000-000000000000}.Debug|x86.Build.0 = Debug|x86
		{59250BAF-0000-0000-0000-000000000000}.Release|x86.ActiveCfg = Release|x86
		{59250BAF-0000-0000-0000-000000000000}.Release|x86.Build.0 = Release|x86
	EndGlobalSection
	GlobalSection(SolutionProperties) = preSolution
		HideSolutionNode = FALSE
	EndGlobalSection
EndGlobal
