- type: entity
  id: FirelockElectronics
  parent: BaseElectronics
  name: firelock electronics
  description: An electronics board used to detect differences in pressure, temperature and gas concentrations between the two sides of the door.
  components:
    - type: Sprite
      sprite: Objects/Misc/module.rsi
      state: mainboard
      netsync: false
    - type: Tag
      tags:
      - DroneUsable
      - FirelockElectronics
